// !$*UTF8*$!
{
	archiveVersion = 1;
	classes = {
	};
	objectVersion = 46;
	objects = {

/* Begin PBXBuildFile section */
		4609CC0F1D10647D000FCEEB /* main.m in Sources */ = {isa = PBXBuildFile; fileRef = 4609CC0E1D10647D000FCEEB /* main.m */; };
		4609CC121D10647D000FCEEB /* AppDelegate.m in Sources */ = {isa = PBXBuildFile; fileRef = 4609CC111D10647D000FCEEB /* AppDelegate.m */; };
		4609CC151D10647D000FCEEB /* GCDViewController.m in Sources */ = {isa = PBXBuildFile; fileRef = 4609CC141D10647D000FCEEB /* GCDViewController.m */; };
		4609CC181D10647D000FCEEB /* Main.storyboard in Resources */ = {isa = PBXBuildFile; fileRef = 4609CC161D10647D000FCEEB /* Main.storyboard */; };
		4609CC1A1D10647D000FCEEB /* Images.xcassets in Resources */ = {isa = PBXBuildFile; fileRef = 4609CC191D10647D000FCEEB /* Images.xcassets */; };
		4609CC1D1D10647D000FCEEB /* LaunchScreen.xib in Resources */ = {isa = PBXBuildFile; fileRef = 4609CC1B1D10647D000FCEEB /* LaunchScreen.xib */; };
		4609CC291D10647D000FCEEB /* GCDQueueTestTests.m in Sources */ = {isa = PBXBuildFile; fileRef = 4609CC281D10647D000FCEEB /* GCDQueueTestTests.m */; };
/* End PBXBuildFile section */

/* Begin PBXContainerItemProxy section */
		4609CC231D10647D000FCEEB /* PBXContainerItemProxy */ = {
			isa = PBXContainerItemProxy;
			containerPortal = 4609CC011D10647D000FCEEB /* Project object */;
			proxyType = 1;
			remoteGlobalIDString = 4609CC081D10647D000FCEEB;
			remoteInfo = GCDQueueTest;
		};
/* End PBXContainerItemProxy section */

/* Begin PBXFileReference section */
		4609CC091D10647D000FCEEB /* GCDQueueTest.app */ = {isa = PBXFileReference; explicitFileType = wrapper.application; includeInIndex = 0; path = GCDQueueTest.app; sourceTree = BUILT_PRODUCTS_DIR; };
		4609CC0D1D10647D000FCEEB /* Info.plist */ = {isa = PBXFileReference; lastKnownFileType = text.plist.xml; path = Info.plist; sourceTree = "<group>"; };
		4609CC0E1D10647D000FCEEB /* main.m */ = {isa = PBXFileReference; lastKnownFileType = sourcecode.c.objc; path = main.m; sourceTree = "<group>"; };
		4609CC101D10647D000FCEEB /* AppDelegate.h */ = {isa = PBXFileReference; lastKnownFileType = sourcecode.c.h; path = AppDelegate.h; sourceTree = "<group>"; };
		4609CC111D10647D000FCEEB /* AppDelegate.m */ = {isa = PBXFileReference; lastKnownFileType = sourcecode.c.objc; path = AppDelegate.m; sourceTree = "<group>"; };
		4609CC131D10647D000FCEEB /* GCDViewController.h */ = {isa = PBXFileReference; lastKnownFileType = sourcecode.c.h; path = GCDViewController.h; sourceTree = "<group>"; };
		4609CC141D10647D000FCEEB /* GCDViewController.m */ = {isa = PBXFileReference; lastKnownFileType = sourcecode.c.objc; path = GCDViewController.m; sourceTree = "<group>"; };
		4609CC171D10647D000FCEEB /* Base */ = {isa = PBXFileReference; lastKnownFileType = file.storyboard; name = Base; path = Base.lproj/Main.storyboard; sourceTree = "<group>"; };
		4609CC191D10647D000FCEEB /* Images.xcassets */ = {isa = PBXFileReference; lastKnownFileType = folder.assetcatalog; path = Images.xcassets; sourceTree = "<group>"; };
		4609CC1C1D10647D000FCEEB /* Base */ = {isa = PBXFileReference; lastKnownFileType = file.xib; name = Base; path = Base.lproj/LaunchScreen.xib; sourceTree = "<group>"; };
		4609CC221D10647D000FCEEB /* GCDQueueTestTests.xctest */ = {isa = PBXFileReference; explicitFileType = wrapper.cfbundle; includeInIndex = 0; path = GCDQueueTestTests.xctest; sourceTree = BUILT_PRODUCTS_DIR; };
		4609CC271D10647D000FCEEB /* Info.plist */ = {isa = PBXFileReference; lastKnownFileType = text.plist.xml; path = Info.plist; sourceTree = "<group>"; };
		4609CC281D10647D000FCEEB /* GCDQueueTestTests.m */ = {isa = PBXFileReference; lastKnownFileType = sourcecode.c.objc; path = GCDQueueTestTests.m; sourceTree = "<group>"; };
/* End PBXFileReference section */

/* Begin PBXFrameworksBuildPhase section */
		4609CC061D10647D000FCEEB /* Frameworks */ = {
			isa = PBXFrameworksBuildPhase;
			buildActionMask = 2147483647;
			files = (
			);
			runOnlyForDeploymentPostprocessing = 0;
		};
		4609CC1F1D10647D000FCEEB /* Frameworks */ = {
			isa = PBXFrameworksBuildPhase;
			buildActionMask = 2147483647;
			files = (
			);
			runOnlyForDeploymentPostprocessing = 0;
		};
/* End PBXFrameworksBuildPhase section */

/* Begin PBXGroup section */
		4609CC001D10647D000FCEEB = {
			isa = PBXGroup;
			children = (
				4609CC0B1D10647D000FCEEB /* GCDQueueTest */,
				4609CC251D10647D000FCEEB /* GCDQueueTestTests */,
				4609CC0A1D10647D000FCEEB /* Products */,
			);
			sourceTree = "<group>";
		};
		4609CC0A1D10647D000FCEEB /* Products */ = {
			isa = PBXGroup;
			children = (
				4609CC091D10647D000FCEEB /* GCDQueueTest.app */,
				4609CC221D10647D000FCEEB /* GCDQueueTestTests.xctest */,
			);
			name = Products;
			sourceTree = "<group>";
		};
		4609CC0B1D10647D000FCEEB /* GCDQueueTest */ = {
			isa = PBXGroup;
			children = (
				4609CC101D10647D000FCEEB /* AppDelegate.h */,
				4609CC111D10647D000FCEEB /* AppDelegate.m */,
				4609CC131D10647D000FCEEB /* GCDViewController.h */,
				4609CC141D10647D000FCEEB /* GCDViewController.m */,
				4609CC161D10647D000FCEEB /* Main.storyboard */,
				4609CC191D10647D000FCEEB /* Images.xcassets */,
				4609CC1B1D10647D000FCEEB /* LaunchScreen.xib */,
				4609CC0C1D10647D000FCEEB /* Supporting Files */,
			);
			path = GCDQueueTest;
			sourceTree = "<group>";
		};
		4609CC0C1D10647D000FCEEB /* Supporting Files */ = {
			isa = PBXGroup;
			children = (
				4609CC0D1D10647D000FCEEB /* Info.plist */,
				4609CC0E1D10647D000FCEEB /* main.m */,
			);
			name = "Supporting Files";
			sourceTree = "<group>";
		};
		4609CC251D10647D000FCEEB /* GCDQueueTestTests */ = {
			isa = PBXGroup;
			children = (
				4609CC281D10647D000FCEEB /* GCDQueueTestTests.m */,
				4609CC261D10647D000FCEEB /* Supporting Files */,
			);
			path = GCDQueueTestTests;
			sourceTree = "<group>";
		};
		4609CC261D10647D000FCEEB /* Supporting Files */ = {
			isa = PBXGroup;
			children = (
				4609CC271D10647D000FCEEB /* Info.plist */,
			);
			name = "Supporting Files";
			sourceTree = "<group>";
		};
/* End PBXGroup section */

/* Begin PBXNativeTarget section */
		4609CC081D10647D000FCEEB /* GCDQueueTest */ = {
			isa = PBXNativeTarget;
			buildConfigurationList = 4609CC2C1D10647D000FCEEB /* Build configuration list for PBXNativeTarget "GCDQueueTest" */;
			buildPhases = (
				4609CC051D10647D000FCEEB /* Sources */,
				4609CC061D10647D000FCEEB /* Frameworks */,
				4609CC071D10647D000FCEEB /* Resources */,
			);
			buildRules = (
			);
			dependencies = (
			);
			name = GCDQueueTest;
			productName = GCDQueueTest;
			productReference = 4609CC091D10647D000FCEEB /* GCDQueueTest.app */;
			productType = "com.apple.product-type.application";
		};
		4609CC211D10647D000FCEEB /* GCDQueueTestTests */ = {
			isa = PBXNativeTarget;
			buildConfigurationList = 4609CC2F1D10647D000FCEEB /* Build configuration list for PBXNativeTarget "GCDQueueTestTests" */;
			buildPhases = (
				4609CC1E1D10647D000FCEEB /* Sources */,
				4609CC1F1D10647D000FCEEB /* Frameworks */,
				4609CC201D10647D000FCEEB /* Resources */,
			);
			buildRules = (
			);
			dependencies = (
				4609CC241D10647D000FCEEB /* PBXTargetDependency */,
			);
			name = GCDQueueTestTests;
			productName = GCDQueueTestTests;
			productReference = 4609CC221D10647D000FCEEB /* GCDQueueTestTests.xctest */;
			productType = "com.apple.product-type.bundle.unit-test";
		};
/* End PBXNativeTarget section */

/* Begin PBXProject section */
		4609CC011D10647D000FCEEB /* Project object */ = {
			isa = PBXProject;
			attributes = {
				LastUpgradeCheck = 0640;
				ORGANIZATIONNAME = kl;
				TargetAttributes = {
					4609CC081D10647D000FCEEB = {
						CreatedOnToolsVersion = 6.4;
					};
					4609CC211D10647D000FCEEB = {
						CreatedOnToolsVersion = 6.4;
						TestTargetID = 4609CC081D10647D000FCEEB;
					};
				};
			};
			buildConfigurationList = 4609CC041D10647D000FCEEB /* Build configuration list for PBXProject "GCDQueueTest" */;
			compatibilityVersion = "Xcode 3.2";
			developmentRegion = English;
			hasScannedForEncodings = 0;
			knownRegions = (
				en,
				Base,
			);
			mainGroup = 4609CC001D10647D000FCEEB;
			productRefGroup = 4609CC0A1D10647D000FCEEB /* Products */;
			projectDirPath = "";
			projectRoot = "";
			targets = (
				4609CC081D10647D000FCEEB /* GCDQueueTest */,
				4609CC211D10647D000FCEEB /* GCDQueueTestTests */,
			);
		};
/* End PBXProject section */

/* Begin PBXResourcesBuildPhase section */
		4609CC071D10647D000FCEEB /* Resources */ = {
			isa = PBXResourcesBuildPhase;
			buildActionMask = 2147483647;
			files = (
				4609CC181D10647D000FCEEB /* Main.storyboard in Resources */,
				4609CC1D1D10647D000FCEEB /* LaunchScreen.xib in Resources */,
				4609CC1A1D10647D000FCEEB /* Images.xcassets in Resources */,
			);
			runOnlyForDeploymentPostprocessing = 0;
		};
		4609CC201D10647D000FCEEB /* Resources */ = {
			isa = PBXResourcesBuildPhase;
			buildActionMask = 2147483647;
			files = (
			);
			runOnlyForDeploymentPostprocessing = 0;
		};
/* End PBXResourcesBuildPhase section */

/* Begin PBXSourcesBuildPhase section */
		4609CC051D10647D000FCEEB /* Sources */ = {
			isa = PBXSourcesBuildPhase;
			buildActionMask = 2147483647;
			files = (
				4609CC151D10647D000FCEEB /* GCDViewController.m in Sources */,
				4609CC121D10647D000FCEEB /* AppDelegate.m in Sources */,
				4609CC0F1D10647D000FCEEB /* main.m in Sources */,
			);
			runOnlyForDeploymentPostprocessing = 0;
		};
		4609CC1E1D10647D000FCEEB /* Sources */ = {
			isa = PBXSourcesBuildPhase;
			buildActionMask = 2147483647;
			files = (
				4609CC291D10647D000FCEEB /* GCDQueueTestTests.m in Sources */,
			);
			runOnlyForDeploymentPostprocessing = 0;
		};
/* End PBXSourcesBuildPhase section */

/* Begin PBXTargetDependency section */
		4609CC241D10647D000FCEEB /* PBXTargetDependency */ = {
			isa = PBXTargetDependency;
			target = 4609CC081D10647D000FCEEB /* GCDQueueTest */;
			targetProxy = 4609CC231D10647D000FCEEB /* PBXContainerItemProxy */;
		};
/* End PBXTargetDependency section */

/* Begin PBXVariantGroup section */
		4609CC161D10647D000FCEEB /* Main.storyboard */ = {
			isa = PBXVariantGroup;
			children = (
				4609CC171D10647D000FCEEB /* Base */,
			);
			name = Main.storyboard;
			sourceTree = "<group>";
		};
		4609CC1B1D10647D000FCEEB /* LaunchScreen.xib */ = {
			isa = PBXVariantGroup;
			children = (
				4609CC1C1D10647D000FCEEB /* Base */,
			);
			name = LaunchScreen.xib;
			sourceTree = "<group>";
		};
/* End PBXVariantGroup section */

/* Begin XCBuildConfiguration section */
		4609CC2A1D10647D000FCEEB /* Debug */ = {
			isa = XCBuildConfiguration;
			buildSettings = {
				ALWAYS_SEARCH_USER_PATHS = NO;
				CLANG_CXX_LANGUAGE_STANDARD = "gnu++0x";
				CLANG_CXX_LIBRARY = "libc++";
				CLANG_ENABLE_MODULES = YES;
				CLANG_ENABLE_OBJC_ARC = YES;
				CLANG_WARN_BOOL_CONVERSION = YES;
				CLANG_WARN_CONSTANT_CONVERSION = YES;
				CLANG_WARN_DIRECT_OBJC_ISA_USAGE = YES_ERROR;
				CLANG_WARN_EMPTY_BODY = YES;
				CLANG_WARN_ENUM_CONVERSION = YES;
				CLANG_WARN_INT_CONVERSION = YES;
				CLANG_WARN_OBJC_ROOT_CLASS = YES_ERROR;
				CLANG_WARN_UNREACHABLE_CODE = YES;
				CLANG_WARN__DUPLICATE_METHOD_MATCH = YES;
				"CODE_SIGN_IDENTITY[sdk=iphoneos*]" = "iPhone Developer";
				COPY_PHASE_STRIP = NO;
				DEBUG_INFORMATION_FORMAT = "dwarf-with-dsym";
				ENABLE_STRICT_OBJC_MSGSEND = YES;
				GCC_C_LANGUAGE_STANDARD = gnu99;
				GCC_DYNAMIC_NO_PIC = NO;
				GCC_NO_COMMON_BLOCKS = YES;
				GCC_OPTIMIZATION_LEVEL = 0;
				GCC_PREPROCESSOR_DEFINITIONS = (
					"DEBUG=1",
					"$(inherited)",
				);
				GCC_SYMBOLS_PRIVATE_EXTERN = NO;
				GCC_WARN_64_TO_32_BIT_CONVERSION = YES;
				GCC_WARN_ABOUT_RETURN_TYPE = YES_ERROR;
				GCC_WARN_UNDECLARED_SELECTOR = YES;
				GCC_WARN_UNINITIALIZED_AUTOS = YES_AGGRESSIVE;
				GCC_WARN_UNUSED_FUNCTION = YES;
				GCC_WARN_UNUSED_VARIABLE = YES;
				IPHONEOS_DEPLOYMENT_TARGET = 8.4;
				MTL_ENABLE_DEBUG_INFO = YES;
				ONLY_ACTIVE_ARCH = YES;
				SDKROOT = iphoneos;
			};
			name = Debug;
		};
		4609CC2B1D10647D000FCEEB /* Release */ = {
			isa = XCBuildConfiguration;
			buildSettings = {
				ALWAYS_SEARCH_USER_PATHS = NO;
				CLANG_CXX_LANGUAGE_STANDARD = "gnu++0x";
				CLANG_CXX_LIBRARY = "libc++";
				CLANG_ENABLE_MODULES = YES;
				CLANG_ENABLE_OBJC_ARC = YES;
				CLANG_WARN_BOOL_CONVERSION = YES;
				CLANG_WARN_CONSTANT_CONVERSION = YES;
				CLANG_WARN_DIRECT_OBJC_ISA_USAGE = YES_ERROR;
				CLANG_WARN_EMPTY_BODY = YES;
				CLANG_WARN_ENUM_CONVERSION = YES;
				CLANG_WARN_INT_CONVERSION = YES;
				CLANG_WARN_OBJC_ROOT_CLASS = YES_ERROR;
				CLANG_WARN_UNREACHABLE_CODE = YES;
				CLANG_WARN__DUPLICATE_METHOD_MATCH = YES;
				"CODE_SIGN_IDENTITY[sdk=iphoneos*]" = "iPhone Developer";
				COPY_PHASE_STRIP = NO;
				DEBUG_INFORMATION_FORMAT = "dwarf-with-dsym";
				ENABLE_NS_ASSERTIONS = NO;
				ENABLE_STRICT_OBJC_MSGSEND = YES;
				GCC_C_LANGUAGE_STANDARD = gnu99;
				GCC_NO_COMMON_BLOCKS = YES;
				GCC_WARN_64_TO_32_BIT_CONVERSION = YES;
				GCC_WARN_ABOUT_RETURN_TYPE = YES_ERROR;
				GCC_WARN_UNDECLARED_SELECTOR = YES;
				GCC_WARN_UNINITIALIZED_AUTOS = YES_AGGRESSIVE;
				GCC_WARN_UNUSED_FUNCTION = YES;
				GCC_WARN_UNUSED_VARIABLE = YES;
				IPHONEOS_DEPLOYMENT_TARGET = 8.4;
				MTL_ENABLE_DEBUG_INFO = NO;
				SDKROOT = iphoneos;
				VALIDATE_PRODUCT = YES;
			};
			name = Release;
		};
		4609CC2D1D10647D000FCEEB /* Debug */ = {
			isa = XCBuildConfiguration;
			buildSettings = {
				ASSETCATALOG_COMPILER_APPICON_NAME = AppIcon;
				INFOPLIST_FILE = GCDQueueTest/Info.plist;
				LD_RUNPATH_SEARCH_PATHS = "$(inherited) @executable_path/Frameworks";
				PRODUCT_NAME = "$(TARGET_NAME)";
			};
			name = Debug;
		};
		4609CC2E1D10647D000FCEEB /* Release */ = {
			isa = XCBuildConfiguration;
			buildSettings = {
				ASSETCATALOG_COMPILER_APPICON_NAME = AppIcon;
				INFOPLIST_FILE = GCDQueueTest/Info.plist;
				LD_RUNPATH_SEARCH_PATHS = "$(inherited) @executable_path/Frameworks";
				PRODUCT_NAME = "$(TARGET_NAME)";
			};
			name = Release;
		};
		4609CC301D10647D000FCEEB /* Debug */ = {
			isa = XCBuildConfiguration;
			buildSettings = {
				BUNDLE_LOADER = "$(TEST_HOST)";
				FRAMEWORK_SEARCH_PATHS = (
					"$(SDKROOT)/Developer/Library/Frameworks",
					"$(inherited)",
				);
				GCC_PREPROCESSOR_DEFINITIONS = (
					"DEBUG=1",
					"$(inherited)",
				);
				INFOPLIST_FILE = GCDQueueTestTests/Info.plist;
				LD_RUNPATH_SEARCH_PATHS = "$(inherited) @executable_path/Frameworks @loader_path/Frameworks";
				PRODUCT_NAME = "$(TARGET_NAME)";
				TEST_HOST = "$(BUILT_PRODUCTS_DIR)/GCDQueueTest.app/GCDQueueTest";
			};
			name = Debug;
		};
		4609CC311D10647D000FCEEB /* Release */ = {
			isa = XCBuildConfiguration;
			buildSettings = {
				BUNDLE_LOADER = "$(TEST_HOST)";
				FRAMEWORK_SEARCH_PATHS = (
					"$(SDKROOT)/Developer/Library/Frameworks",
					"$(inherited)",
				);
				INFOPLIST_FILE = GCDQueueTestTests/Info.plist;
				LD_RUNPATH_SEARCH_PATHS = "$(inherited) @executable_path/Frameworks @loader_path/Frameworks";
				PRODUCT_NAME = "$(TARGET_NAME)";
				TEST_HOST = "$(BUILT_PRODUCTS_DIR)/GCDQueueTest.app/GCDQueueTest";
			};
			name = Release;
		};
/* End XCBuildConfiguration section */

/* Begin XCConfigurationList section */
		4609CC041D10647D000FCEEB /* Build configuration list for PBXProject "GCDQueueTest" */ = {
			isa = XCConfigurationList;
			buildConfigurations = (
				4609CC2A1D10647D000FCEEB /* Debug */,
				4609CC2B1D10647D000FCEEB /* Release */,
			);
			defaultConfigurationIsVisible = 0;
			defaultConfigurationName = Release;
		};
		4609CC2C1D10647D000FCEEB /* Build configuration list for PBXNativeTarget "GCDQueueTest" */ = {
			isa = XCConfigurationList;
			buildConfigurations = (
				4609CC2D1D10647D000FCEEB /* Debug */,
				4609CC2E1D10647D000FCEEB /* Release */,
			);
			defaultConfigurationIsVisible = 0;
		};
		4609CC2F1D10647D000FCEEB /* Build configuration list for PBXNativeTarget "GCDQueueTestTests" */ = {
			isa = XCConfigurationList;
			buildConfigurations = (
				4609CC301D10647D000FCEEB /* Debug */,
				4609CC311D10647D000FCEEB /* Release */,
			);
			defaultConfigurationIsVisible = 0;
		};
/* End XCConfigurationList section */
	};
	rootObject = 4609CC011D10647D000FCEEB /* Project object */;
}
