// !$*UTF8*$!
{
	archiveVersion = 1;
	classes = {
	};
	objectVersion = 46;
	objects = {

/* Begin PBXBuildFile section */
		4614B7EF1D12EB4C003881B9 /* main.m in Sources */ = {isa = PBXBuildFile; fileRef = 4614B7EE1D12EB4C003881B9 /* main.m */; };
		4614B7F21D12EB4C003881B9 /* AppDelegate.m in Sources */ = {isa = PBXBuildFile; fileRef = 4614B7F11D12EB4C003881B9 /* AppDelegate.m */; };
		4614B7F51D12EB4C003881B9 /* NSOperationViewController.m in Sources */ = {isa = PBXBuildFile; fileRef = 4614B7F41D12EB4C003881B9 /* NSOperationViewController.m */; };
		4614B7F81D12EB4C003881B9 /* Main.storyboard in Resources */ = {isa = PBXBuildFile; fileRef = 4614B7F61D12EB4C003881B9 /* Main.storyboard */; };
		4614B7FA1D12EB4C003881B9 /* Images.xcassets in Resources */ = {isa = PBXBuildFile; fileRef = 4614B7F91D12EB4C003881B9 /* Images.xcassets */; };
		4614B7FD1D12EB4C003881B9 /* LaunchScreen.xib in Resources */ = {isa = PBXBuildFile; fileRef = 4614B7FB1D12EB4C003881B9 /* LaunchScreen.xib */; };
		4614B8091D12EB4C003881B9 /* NSOperationTestTests.m in Sources */ = {isa = PBXBuildFile; fileRef = 4614B8081D12EB4C003881B9 /* NSOperationTestTests.m */; };
		4614B8141D12F1E2003881B9 /* DownImageOperation.m in Sources */ = {isa = PBXBuildFile; fileRef = 4614B8131D12F1E2003881B9 /* DownImageOperation.m */; };
/* End PBXBuildFile section */

/* Begin PBXContainerItemProxy section */
		4614B8031D12EB4C003881B9 /* PBXContainerItemProxy */ = {
			isa = PBXContainerItemProxy;
			containerPortal = 4614B7E11D12EB4C003881B9 /* Project object */;
			proxyType = 1;
			remoteGlobalIDString = 4614B7E81D12EB4C003881B9;
			remoteInfo = NSOperationTest;
		};
/* End PBXContainerItemProxy section */

/* Begin PBXFileReference section */
		4614B7E91D12EB4C003881B9 /* NSOperationTest.app */ = {isa = PBXFileReference; explicitFileType = wrapper.application; includeInIndex = 0; path = NSOperationTest.app; sourceTree = BUILT_PRODUCTS_DIR; };
		4614B7ED1D12EB4C003881B9 /* Info.plist */ = {isa = PBXFileReference; lastKnownFileType = text.plist.xml; path = Info.plist; sourceTree = "<group>"; };
		4614B7EE1D12EB4C003881B9 /* main.m */ = {isa = PBXFileReference; lastKnownFileType = sourcecode.c.objc; path = main.m; sourceTree = "<group>"; };
		4614B7F01D12EB4C003881B9 /* AppDelegate.h */ = {isa = PBXFileReference; lastKnownFileType = sourcecode.c.h; path = AppDelegate.h; sourceTree = "<group>"; };
		4614B7F11D12EB4C003881B9 /* AppDelegate.m */ = {isa = PBXFileReference; lastKnownFileType = sourcecode.c.objc; path = AppDelegate.m; sourceTree = "<group>"; };
		4614B7F31D12EB4C003881B9 /* NSOperationViewController.h */ = {isa = PBXFileReference; lastKnownFileType = sourcecode.c.h; path = NSOperationViewController.h; sourceTree = "<group>"; };
		4614B7F41D12EB4C003881B9 /* NSOperationViewController.m */ = {isa = PBXFileReference; lastKnownFileType = sourcecode.c.objc; path = NSOperationViewController.m; sourceTree = "<group>"; };
		4614B7F71D12EB4C003881B9 /* Base */ = {isa = PBXFileReference; lastKnownFileType = file.storyboard; name = Base; path = Base.lproj/Main.storyboard; sourceTree = "<group>"; };
		4614B7F91D12EB4C003881B9 /* Images.xcassets */ = {isa = PBXFileReference; lastKnownFileType = folder.assetcatalog; path = Images.xcassets; sourceTree = "<group>"; };
		4614B7FC1D12EB4C003881B9 /* Base */ = {isa = PBXFileReference; lastKnownFileType = file.xib; name = Base; path = Base.lproj/LaunchScreen.xib; sourceTree = "<group>"; };
		4614B8021D12EB4C003881B9 /* NSOperationTestTests.xctest */ = {isa = PBXFileReference; explicitFileType = wrapper.cfbundle; includeInIndex = 0; path = NSOperationTestTests.xctest; sourceTree = BUILT_PRODUCTS_DIR; };
		4614B8071D12EB4C003881B9 /* Info.plist */ = {isa = PBXFileReference; lastKnownFileType = text.plist.xml; path = Info.plist; sourceTree = "<group>"; };
		4614B8081D12EB4C003881B9 /* NSOperationTestTests.m */ = {isa = PBXFileReference; lastKnownFileType = sourcecode.c.objc; path = NSOperationTestTests.m; sourceTree = "<group>"; };
		4614B8121D12F1E2003881B9 /* DownImageOperation.h */ = {isa = PBXFileReference; fileEncoding = 4; lastKnownFileType = sourcecode.c.h; path = DownImageOperation.h; sourceTree = "<group>"; };
		4614B8131D12F1E2003881B9 /* DownImageOperation.m */ = {isa = PBXFileReference; fileEncoding = 4; lastKnownFileType = sourcecode.c.objc; path = DownImageOperation.m; sourceTree = "<group>"; };
/* End PBXFileReference section */

/* Begin PBXFrameworksBuildPhase section */
		4614B7E61D12EB4C003881B9 /* Frameworks */ = {
			isa = PBXFrameworksBuildPhase;
			buildActionMask = 2147483647;
			files = (
			);
			runOnlyForDeploymentPostprocessing = 0;
		};
		4614B7FF1D12EB4C003881B9 /* Frameworks */ = {
			isa = PBXFrameworksBuildPhase;
			buildActionMask = 2147483647;
			files = (
			);
			runOnlyForDeploymentPostprocessing = 0;
		};
/* End PBXFrameworksBuildPhase section */

/* Begin PBXGroup section */
		4614B7E01D12EB4C003881B9 = {
			isa = PBXGroup;
			children = (
				4614B7EB1D12EB4C003881B9 /* NSOperationTest */,
				4614B8051D12EB4C003881B9 /* NSOperationTestTests */,
				4614B7EA1D12EB4C003881B9 /* Products */,
			);
			sourceTree = "<group>";
		};
		4614B7EA1D12EB4C003881B9 /* Products */ = {
			isa = PBXGroup;
			children = (
				4614B7E91D12EB4C003881B9 /* NSOperationTest.app */,
				4614B8021D12EB4C003881B9 /* NSOperationTestTests.xctest */,
			);
			name = Products;
			sourceTree = "<group>";
		};
		4614B7EB1D12EB4C003881B9 /* NSOperationTest */ = {
			isa = PBXGroup;
			children = (
				4614B7F01D12EB4C003881B9 /* AppDelegate.h */,
				4614B7F11D12EB4C003881B9 /* AppDelegate.m */,
				4614B7F31D12EB4C003881B9 /* NSOperationViewController.h */,
				4614B7F41D12EB4C003881B9 /* NSOperationViewController.m */,
				4614B7F61D12EB4C003881B9 /* Main.storyboard */,
				4614B7F91D12EB4C003881B9 /* Images.xcassets */,
				4614B7FB1D12EB4C003881B9 /* LaunchScreen.xib */,
				4614B7EC1D12EB4C003881B9 /* Supporting Files */,
				4614B8121D12F1E2003881B9 /* DownImageOperation.h */,
				4614B8131D12F1E2003881B9 /* DownImageOperation.m */,
			);
			path = NSOperationTest;
			sourceTree = "<group>";
		};
		4614B7EC1D12EB4C003881B9 /* Supporting Files */ = {
			isa = PBXGroup;
			children = (
				4614B7ED1D12EB4C003881B9 /* Info.plist */,
				4614B7EE1D12EB4C003881B9 /* main.m */,
			);
			name = "Supporting Files";
			sourceTree = "<group>";
		};
		4614B8051D12EB4C003881B9 /* NSOperationTestTests */ = {
			isa = PBXGroup;
			children = (
				4614B8081D12EB4C003881B9 /* NSOperationTestTests.m */,
				4614B8061D12EB4C003881B9 /* Supporting Files */,
			);
			path = NSOperationTestTests;
			sourceTree = "<group>";
		};
		4614B8061D12EB4C003881B9 /* Supporting Files */ = {
			isa = PBXGroup;
			children = (
				4614B8071D12EB4C003881B9 /* Info.plist */,
			);
			name = "Supporting Files";
			sourceTree = "<group>";
		};
/* End PBXGroup section */

/* Begin PBXNativeTarget section */
		4614B7E81D12EB4C003881B9 /* NSOperationTest */ = {
			isa = PBXNativeTarget;
			buildConfigurationList = 4614B80C1D12EB4C003881B9 /* Build configuration list for PBXNativeTarget "NSOperationTest" */;
			buildPhases = (
				4614B7E51D12EB4C003881B9 /* Sources */,
				4614B7E61D12EB4C003881B9 /* Frameworks */,
				4614B7E71D12EB4C003881B9 /* Resources */,
			);
			buildRules = (
			);
			dependencies = (
			);
			name = NSOperationTest;
			productName = NSOperationTest;
			productReference = 4614B7E91D12EB4C003881B9 /* NSOperationTest.app */;
			productType = "com.apple.product-type.application";
		};
		4614B8011D12EB4C003881B9 /* NSOperationTestTests */ = {
			isa = PBXNativeTarget;
			buildConfigurationList = 4614B80F1D12EB4C003881B9 /* Build configuration list for PBXNativeTarget "NSOperationTestTests" */;
			buildPhases = (
				4614B7FE1D12EB4C003881B9 /* Sources */,
				4614B7FF1D12EB4C003881B9 /* Frameworks */,
				4614B8001D12EB4C003881B9 /* Resources */,
			);
			buildRules = (
			);
			dependencies = (
				4614B8041D12EB4C003881B9 /* PBXTargetDependency */,
			);
			name = NSOperationTestTests;
			productName = NSOperationTestTests;
			productReference = 4614B8021D12EB4C003881B9 /* NSOperationTestTests.xctest */;
			productType = "com.apple.product-type.bundle.unit-test";
		};
/* End PBXNativeTarget section */

/* Begin PBXProject section */
		4614B7E11D12EB4C003881B9 /* Project object */ = {
			isa = PBXProject;
			attributes = {
				LastUpgradeCheck = 0640;
				ORGANIZATIONNAME = kl;
				TargetAttributes = {
					4614B7E81D12EB4C003881B9 = {
						CreatedOnToolsVersion = 6.4;
					};
					4614B8011D12EB4C003881B9 = {
						CreatedOnToolsVersion = 6.4;
						TestTargetID = 4614B7E81D12EB4C003881B9;
					};
				};
			};
			buildConfigurationList = 4614B7E41D12EB4C003881B9 /* Build configuration list for PBXProject "NSOperationTest" */;
			compatibilityVersion = "Xcode 3.2";
			developmentRegion = English;
			hasScannedForEncodings = 0;
			knownRegions = (
				en,
				Base,
			);
			mainGroup = 4614B7E01D12EB4C003881B9;
			productRefGroup = 4614B7EA1D12EB4C003881B9 /* Products */;
			projectDirPath = "";
			projectRoot = "";
			targets = (
				4614B7E81D12EB4C003881B9 /* NSOperationTest */,
				4614B8011D12EB4C003881B9 /* NSOperationTestTests */,
			);
		};
/* End PBXProject section */

/* Begin PBXResourcesBuildPhase section */
		4614B7E71D12EB4C003881B9 /* Resources */ = {
			isa = PBXResourcesBuildPhase;
			buildActionMask = 2147483647;
			files = (
				4614B7F81D12EB4C003881B9 /* Main.storyboard in Resources */,
				4614B7FD1D12EB4C003881B9 /* LaunchScreen.xib in Resources */,
				4614B7FA1D12EB4C003881B9 /* Images.xcassets in Resources */,
			);
			runOnlyForDeploymentPostprocessing = 0;
		};
		4614B8001D12EB4C003881B9 /* Resources */ = {
			isa = PBXResourcesBuildPhase;
			buildActionMask = 2147483647;
			files = (
			);
			runOnlyForDeploymentPostprocessing = 0;
		};
/* End PBXResourcesBuildPhase section */

/* Begin PBXSourcesBuildPhase section */
		4614B7E51D12EB4C003881B9 /* Sources */ = {
			isa = PBXSourcesBuildPhase;
			buildActionMask = 2147483647;
			files = (
				4614B7F51D12EB4C003881B9 /* NSOperationViewController.m in Sources */,
				4614B7F21D12EB4C003881B9 /* AppDelegate.m in Sources */,
				4614B7EF1D12EB4C003881B9 /* main.m in Sources */,
				4614B8141D12F1E2003881B9 /* DownImageOperation.m in Sources */,
			);
			runOnlyForDeploymentPostprocessing = 0;
		};
		4614B7FE1D12EB4C003881B9 /* Sources */ = {
			isa = PBXSourcesBuildPhase;
			buildActionMask = 2147483647;
			files = (
				4614B8091D12EB4C003881B9 /* NSOperationTestTests.m in Sources */,
			);
			runOnlyForDeploymentPostprocessing = 0;
		};
/* End PBXSourcesBuildPhase section */

/* Begin PBXTargetDependency section */
		4614B8041D12EB4C003881B9 /* PBXTargetDependency */ = {
			isa = PBXTargetDependency;
			target = 4614B7E81D12EB4C003881B9 /* NSOperationTest */;
			targetProxy = 4614B8031D12EB4C003881B9 /* PBXContainerItemProxy */;
		};
/* End PBXTargetDependency section */

/* Begin PBXVariantGroup section */
		4614B7F61D12EB4C003881B9 /* Main.storyboard */ = {
			isa = PBXVariantGroup;
			children = (
				4614B7F71D12EB4C003881B9 /* Base */,
			);
			name = Main.storyboard;
			sourceTree = "<group>";
		};
		4614B7FB1D12EB4C003881B9 /* LaunchScreen.xib */ = {
			isa = PBXVariantGroup;
			children = (
				4614B7FC1D12EB4C003881B9 /* Base */,
			);
			name = LaunchScreen.xib;
			sourceTree = "<group>";
		};
/* End PBXVariantGroup section */

/* Begin XCBuildConfiguration section */
		4614B80A1D12EB4C003881B9 /* Debug */ = {
			isa = XCBuildConfiguration;
			buildSettings = {
				ALWAYS_SEARCH_USER_PATHS = NO;
				CLANG_CXX_LANGUAGE_STANDARD = "gnu++0x";
				CLANG_CXX_LIBRARY = "libc++";
				CLANG_ENABLE_MODULES = YES;
				CLANG_ENABLE_OBJC_ARC = YES;
				CLANG_WARN_BOOL_CONVERSION = YES;
				CLANG_WARN_CONSTANT_CONVERSION = YES;
				CLANG_WARN_DIRECT_OBJC_ISA_USAGE = YES_ERROR;
				CLANG_WARN_EMPTY_BODY = YES;
				CLANG_WARN_ENUM_CONVERSION = YES;
				CLANG_WARN_INT_CONVERSION = YES;
				CLANG_WARN_OBJC_ROOT_CLASS = YES_ERROR;
				CLANG_WARN_UNREACHABLE_CODE = YES;
				CLANG_WARN__DUPLICATE_METHOD_MATCH = YES;
				"CODE_SIGN_IDENTITY[sdk=iphoneos*]" = "iPhone Developer";
				COPY_PHASE_STRIP = NO;
				DEBUG_INFORMATION_FORMAT = "dwarf-with-dsym";
				ENABLE_STRICT_OBJC_MSGSEND = YES;
				GCC_C_LANGUAGE_STANDARD = gnu99;
				GCC_DYNAMIC_NO_PIC = NO;
				GCC_NO_COMMON_BLOCKS = YES;
				GCC_OPTIMIZATION_LEVEL = 0;
				GCC_PREPROCESSOR_DEFINITIONS = (
					"DEBUG=1",
					"$(inherited)",
				);
				GCC_SYMBOLS_PRIVATE_EXTERN = NO;
				GCC_WARN_64_TO_32_BIT_CONVERSION = YES;
				GCC_WARN_ABOUT_RETURN_TYPE = YES_ERROR;
				GCC_WARN_UNDECLARED_SELECTOR = YES;
				GCC_WARN_UNINITIALIZED_AUTOS = YES_AGGRESSIVE;
				GCC_WARN_UNUSED_FUNCTION = YES;
				GCC_WARN_UNUSED_VARIABLE = YES;
				IPHONEOS_DEPLOYMENT_TARGET = 8.4;
				MTL_ENABLE_DEBUG_INFO = YES;
				ONLY_ACTIVE_ARCH = YES;
				SDKROOT = iphoneos;
			};
			name = Debug;
		};
		4614B80B1D12EB4C003881B9 /* Release */ = {
			isa = XCBuildConfiguration;
			buildSettings = {
				ALWAYS_SEARCH_USER_PATHS = NO;
				CLANG_CXX_LANGUAGE_STANDARD = "gnu++0x";
				CLANG_CXX_LIBRARY = "libc++";
				CLANG_ENABLE_MODULES = YES;
				CLANG_ENABLE_OBJC_ARC = YES;
				CLANG_WARN_BOOL_CONVERSION = YES;
				CLANG_WARN_CONSTANT_CONVERSION = YES;
				CLANG_WARN_DIRECT_OBJC_ISA_USAGE = YES_ERROR;
				CLANG_WARN_EMPTY_BODY = YES;
				CLANG_WARN_ENUM_CONVERSION = YES;
				CLANG_WARN_INT_CONVERSION = YES;
				CLANG_WARN_OBJC_ROOT_CLASS = YES_ERROR;
				CLANG_WARN_UNREACHABLE_CODE = YES;
				CLANG_WARN__DUPLICATE_METHOD_MATCH = YES;
				"CODE_SIGN_IDENTITY[sdk=iphoneos*]" = "iPhone Developer";
				COPY_PHASE_STRIP = NO;
				DEBUG_INFORMATION_FORMAT = "dwarf-with-dsym";
				ENABLE_NS_ASSERTIONS = NO;
				ENABLE_STRICT_OBJC_MSGSEND = YES;
				GCC_C_LANGUAGE_STANDARD = gnu99;
				GCC_NO_COMMON_BLOCKS = YES;
				GCC_WARN_64_TO_32_BIT_CONVERSION = YES;
				GCC_WARN_ABOUT_RETURN_TYPE = YES_ERROR;
				GCC_WARN_UNDECLARED_SELECTOR = YES;
				GCC_WARN_UNINITIALIZED_AUTOS = YES_AGGRESSIVE;
				GCC_WARN_UNUSED_FUNCTION = YES;
				GCC_WARN_UNUSED_VARIABLE = YES;
				IPHONEOS_DEPLOYMENT_TARGET = 8.4;
				MTL_ENABLE_DEBUG_INFO = NO;
				SDKROOT = iphoneos;
				VALIDATE_PRODUCT = YES;
			};
			name = Release;
		};
		4614B80D1D12EB4C003881B9 /* Debug */ = {
			isa = XCBuildConfiguration;
			buildSettings = {
				ASSETCATALOG_COMPILER_APPICON_NAME = AppIcon;
				INFOPLIST_FILE = NSOperationTest/Info.plist;
				LD_RUNPATH_SEARCH_PATHS = "$(inherited) @executable_path/Frameworks";
				PRODUCT_NAME = "$(TARGET_NAME)";
			};
			name = Debug;
		};
		4614B80E1D12EB4C003881B9 /* Release */ = {
			isa = XCBuildConfiguration;
			buildSettings = {
				ASSETCATALOG_COMPILER_APPICON_NAME = AppIcon;
				INFOPLIST_FILE = NSOperationTest/Info.plist;
				LD_RUNPATH_SEARCH_PATHS = "$(inherited) @executable_path/Frameworks";
				PRODUCT_NAME = "$(TARGET_NAME)";
			};
			name = Release;
		};
		4614B8101D12EB4C003881B9 /* Debug */ = {
			isa = XCBuildConfiguration;
			buildSettings = {
				BUNDLE_LOADER = "$(TEST_HOST)";
				FRAMEWORK_SEARCH_PATHS = (
					"$(SDKROOT)/Developer/Library/Frameworks",
					"$(inherited)",
				);
				GCC_PREPROCESSOR_DEFINITIONS = (
					"DEBUG=1",
					"$(inherited)",
				);
				INFOPLIST_FILE = NSOperationTestTests/Info.plist;
				LD_RUNPATH_SEARCH_PATHS = "$(inherited) @executable_path/Frameworks @loader_path/Frameworks";
				PRODUCT_NAME = "$(TARGET_NAME)";
				TEST_HOST = "$(BUILT_PRODUCTS_DIR)/NSOperationTest.app/NSOperationTest";
			};
			name = Debug;
		};
		4614B8111D12EB4C003881B9 /* Release */ = {
			isa = XCBuildConfiguration;
			buildSettings = {
				BUNDLE_LOADER = "$(TEST_HOST)";
				FRAMEWORK_SEARCH_PATHS = (
					"$(SDKROOT)/Developer/Library/Frameworks",
					"$(inherited)",
				);
				INFOPLIST_FILE = NSOperationTestTests/Info.plist;
				LD_RUNPATH_SEARCH_PATHS = "$(inherited) @executable_path/Frameworks @loader_path/Frameworks";
				PRODUCT_NAME = "$(TARGET_NAME)";
				TEST_HOST = "$(BUILT_PRODUCTS_DIR)/NSOperationTest.app/NSOperationTest";
			};
			name = Release;
		};
/* End XCBuildConfiguration section */

/* Begin XCConfigurationList section */
		4614B7E41D12EB4C003881B9 /* Build configuration list for PBXProject "NSOperationTest" */ = {
			isa = XCConfigurationList;
			buildConfigurations = (
				4614B80A1D12EB4C003881B9 /* Debug */,
				4614B80B1D12EB4C003881B9 /* Release */,
			);
			defaultConfigurationIsVisible = 0;
			defaultConfigurationName = Release;
		};
		4614B80C1D12EB4C003881B9 /* Build configuration list for PBXNativeTarget "NSOperationTest" */ = {
			isa = XCConfigurationList;
			buildConfigurations = (
				4614B80D1D12EB4C003881B9 /* Debug */,
				4614B80E1D12EB4C003881B9 /* Release */,
			);
			defaultConfigurationIsVisible = 0;
			defaultConfigurationName = Release;
		};
		4614B80F1D12EB4C003881B9 /* Build configuration list for PBXNativeTarget "NSOperationTestTests" */ = {
			isa = XCConfigurationList;
			buildConfigurations = (
				4614B8101D12EB4C003881B9 /* Debug */,
				4614B8111D12EB4C003881B9 /* Release */,
			);
			defaultConfigurationIsVisible = 0;
			defaultConfigurationName = Release;
		};
/* End XCConfigurationList section */
	};
	rootObject = 4614B7E11D12EB4C003881B9 /* Project object */;
}
