// !$*UTF8*$!
{
	archiveVersion = 1;
	classes = {
	};
	objectVersion = 46;
	objects = {

/* Begin PBXBuildFile section */
		6DACF4CF1D1D4CA900583EC2 /* main.m in Sources */ = {isa = PBXBuildFile; fileRef = 6DACF4CE1D1D4CA900583EC2 /* main.m */; };
		6DACF4D21D1D4CA900583EC2 /* AppDelegate.m in Sources */ = {isa = PBXBuildFile; fileRef = 6DACF4D11D1D4CA900583EC2 /* AppDelegate.m */; };
		6DACF4D51D1D4CA900583EC2 /* ViewController.m in Sources */ = {isa = PBXBuildFile; fileRef = 6DACF4D41D1D4CA900583EC2 /* ViewController.m */; };
		6DACF4D81D1D4CA900583EC2 /* Main.storyboard in Resources */ = {isa = PBXBuildFile; fileRef = 6DACF4D61D1D4CA900583EC2 /* Main.storyboard */; };
		6DACF4DA1D1D4CA900583EC2 /* Images.xcassets in Resources */ = {isa = PBXBuildFile; fileRef = 6DACF4D91D1D4CA900583EC2 /* Images.xcassets */; };
		6DACF4DD1D1D4CA900583EC2 /* LaunchScreen.xib in Resources */ = {isa = PBXBuildFile; fileRef = 6DACF4DB1D1D4CA900583EC2 /* LaunchScreen.xib */; };
		6DACF4E91D1D4CA900583EC2 /* DrawImageInMemoryTests.m in Sources */ = {isa = PBXBuildFile; fileRef = 6DACF4E81D1D4CA900583EC2 /* DrawImageInMemoryTests.m */; };
/* End PBXBuildFile section */

/* Begin PBXContainerItemProxy section */
		6DACF4E31D1D4CA900583EC2 /* PBXContainerItemProxy */ = {
			isa = PBXContainerItemProxy;
			containerPortal = 6DACF4C11D1D4CA900583EC2 /* Project object */;
			proxyType = 1;
			remoteGlobalIDString = 6DACF4C81D1D4CA900583EC2;
			remoteInfo = DrawImageInMemory;
		};
/* End PBXContainerItemProxy section */

/* Begin PBXFileReference section */
		6DACF4C91D1D4CA900583EC2 /* DrawImageInMemory.app */ = {isa = PBXFileReference; explicitFileType = wrapper.application; includeInIndex = 0; path = DrawImageInMemory.app; sourceTree = BUILT_PRODUCTS_DIR; };
		6DACF4CD1D1D4CA900583EC2 /* Info.plist */ = {isa = PBXFileReference; lastKnownFileType = text.plist.xml; path = Info.plist; sourceTree = "<group>"; };
		6DACF4CE1D1D4CA900583EC2 /* main.m */ = {isa = PBXFileReference; lastKnownFileType = sourcecode.c.objc; path = main.m; sourceTree = "<group>"; };
		6DACF4D01D1D4CA900583EC2 /* AppDelegate.h */ = {isa = PBXFileReference; lastKnownFileType = sourcecode.c.h; path = AppDelegate.h; sourceTree = "<group>"; };
		6DACF4D11D1D4CA900583EC2 /* AppDelegate.m */ = {isa = PBXFileReference; lastKnownFileType = sourcecode.c.objc; path = AppDelegate.m; sourceTree = "<group>"; };
		6DACF4D31D1D4CA900583EC2 /* ViewController.h */ = {isa = PBXFileReference; lastKnownFileType = sourcecode.c.h; path = ViewController.h; sourceTree = "<group>"; };
		6DACF4D41D1D4CA900583EC2 /* ViewController.m */ = {isa = PBXFileReference; lastKnownFileType = sourcecode.c.objc; path = ViewController.m; sourceTree = "<group>"; };
		6DACF4D71D1D4CA900583EC2 /* Base */ = {isa = PBXFileReference; lastKnownFileType = file.storyboard; name = Base; path = Base.lproj/Main.storyboard; sourceTree = "<group>"; };
		6DACF4D91D1D4CA900583EC2 /* Images.xcassets */ = {isa = PBXFileReference; lastKnownFileType = folder.assetcatalog; path = Images.xcassets; sourceTree = "<group>"; };
		6DACF4DC1D1D4CA900583EC2 /* Base */ = {isa = PBXFileReference; lastKnownFileType = file.xib; name = Base; path = Base.lproj/LaunchScreen.xib; sourceTree = "<group>"; };
		6DACF4E21D1D4CA900583EC2 /* DrawImageInMemoryTests.xctest */ = {isa = PBXFileReference; explicitFileType = wrapper.cfbundle; includeInIndex = 0; path = DrawImageInMemoryTests.xctest; sourceTree = BUILT_PRODUCTS_DIR; };
		6DACF4E71D1D4CA900583EC2 /* Info.plist */ = {isa = PBXFileReference; lastKnownFileType = text.plist.xml; path = Info.plist; sourceTree = "<group>"; };
		6DACF4E81D1D4CA900583EC2 /* DrawImageInMemoryTests.m */ = {isa = PBXFileReference; lastKnownFileType = sourcecode.c.objc; path = DrawImageInMemoryTests.m; sourceTree = "<group>"; };
/* End PBXFileReference section */

/* Begin PBXFrameworksBuildPhase section */
		6DACF4C61D1D4CA900583EC2 /* Frameworks */ = {
			isa = PBXFrameworksBuildPhase;
			buildActionMask = 2147483647;
			files = (
			);
			runOnlyForDeploymentPostprocessing = 0;
		};
		6DACF4DF1D1D4CA900583EC2 /* Frameworks */ = {
			isa = PBXFrameworksBuildPhase;
			buildActionMask = 2147483647;
			files = (
			);
			runOnlyForDeploymentPostprocessing = 0;
		};
/* End PBXFrameworksBuildPhase section */

/* Begin PBXGroup section */
		6DACF4C01D1D4CA900583EC2 = {
			isa = PBXGroup;
			children = (
				6DACF4CB1D1D4CA900583EC2 /* DrawImageInMemory */,
				6DACF4E51D1D4CA900583EC2 /* DrawImageInMemoryTests */,
				6DACF4CA1D1D4CA900583EC2 /* Products */,
			);
			sourceTree = "<group>";
		};
		6DACF4CA1D1D4CA900583EC2 /* Products */ = {
			isa = PBXGroup;
			children = (
				6DACF4C91D1D4CA900583EC2 /* DrawImageInMemory.app */,
				6DACF4E21D1D4CA900583EC2 /* DrawImageInMemoryTests.xctest */,
			);
			name = Products;
			sourceTree = "<group>";
		};
		6DACF4CB1D1D4CA900583EC2 /* DrawImageInMemory */ = {
			isa = PBXGroup;
			children = (
				6DACF4D01D1D4CA900583EC2 /* AppDelegate.h */,
				6DACF4D11D1D4CA900583EC2 /* AppDelegate.m */,
				6DACF4D31D1D4CA900583EC2 /* ViewController.h */,
				6DACF4D41D1D4CA900583EC2 /* ViewController.m */,
				6DACF4D61D1D4CA900583EC2 /* Main.storyboard */,
				6DACF4D91D1D4CA900583EC2 /* Images.xcassets */,
				6DACF4DB1D1D4CA900583EC2 /* LaunchScreen.xib */,
				6DACF4CC1D1D4CA900583EC2 /* Supporting Files */,
			);
			path = DrawImageInMemory;
			sourceTree = "<group>";
		};
		6DACF4CC1D1D4CA900583EC2 /* Supporting Files */ = {
			isa = PBXGroup;
			children = (
				6DACF4CD1D1D4CA900583EC2 /* Info.plist */,
				6DACF4CE1D1D4CA900583EC2 /* main.m */,
			);
			name = "Supporting Files";
			sourceTree = "<group>";
		};
		6DACF4E51D1D4CA900583EC2 /* DrawImageInMemoryTests */ = {
			isa = PBXGroup;
			children = (
				6DACF4E81D1D4CA900583EC2 /* DrawImageInMemoryTests.m */,
				6DACF4E61D1D4CA900583EC2 /* Supporting Files */,
			);
			path = DrawImageInMemoryTests;
			sourceTree = "<group>";
		};
		6DACF4E61D1D4CA900583EC2 /* Supporting Files */ = {
			isa = PBXGroup;
			children = (
				6DACF4E71D1D4CA900583EC2 /* Info.plist */,
			);
			name = "Supporting Files";
			sourceTree = "<group>";
		};
/* End PBXGroup section */

/* Begin PBXNativeTarget section */
		6DACF4C81D1D4CA900583EC2 /* DrawImageInMemory */ = {
			isa = PBXNativeTarget;
			buildConfigurationList = 6DACF4EC1D1D4CA900583EC2 /* Build configuration list for PBXNativeTarget "DrawImageInMemory" */;
			buildPhases = (
				6DACF4C51D1D4CA900583EC2 /* Sources */,
				6DACF4C61D1D4CA900583EC2 /* Frameworks */,
				6DACF4C71D1D4CA900583EC2 /* Resources */,
			);
			buildRules = (
			);
			dependencies = (
			);
			name = DrawImageInMemory;
			productName = DrawImageInMemory;
			productReference = 6DACF4C91D1D4CA900583EC2 /* DrawImageInMemory.app */;
			productType = "com.apple.product-type.application";
		};
		6DACF4E11D1D4CA900583EC2 /* DrawImageInMemoryTests */ = {
			isa = PBXNativeTarget;
			buildConfigurationList = 6DACF4EF1D1D4CA900583EC2 /* Build configuration list for PBXNativeTarget "DrawImageInMemoryTests" */;
			buildPhases = (
				6DACF4DE1D1D4CA900583EC2 /* Sources */,
				6DACF4DF1D1D4CA900583EC2 /* Frameworks */,
				6DACF4E01D1D4CA900583EC2 /* Resources */,
			);
			buildRules = (
			);
			dependencies = (
				6DACF4E41D1D4CA900583EC2 /* PBXTargetDependency */,
			);
			name = DrawImageInMemoryTests;
			productName = DrawImageInMemoryTests;
			productReference = 6DACF4E21D1D4CA900583EC2 /* DrawImageInMemoryTests.xctest */;
			productType = "com.apple.product-type.bundle.unit-test";
		};
/* End PBXNativeTarget section */

/* Begin PBXProject section */
		6DACF4C11D1D4CA900583EC2 /* Project object */ = {
			isa = PBXProject;
			attributes = {
				LastUpgradeCheck = 0640;
				ORGANIZATIONNAME = nd;
				TargetAttributes = {
					6DACF4C81D1D4CA900583EC2 = {
						CreatedOnToolsVersion = 6.4;
					};
					6DACF4E11D1D4CA900583EC2 = {
						CreatedOnToolsVersion = 6.4;
						TestTargetID = 6DACF4C81D1D4CA900583EC2;
					};
				};
			};
			buildConfigurationList = 6DACF4C41D1D4CA900583EC2 /* Build configuration list for PBXProject "DrawImageInMemory" */;
			compatibilityVersion = "Xcode 3.2";
			developmentRegion = English;
			hasScannedForEncodings = 0;
			knownRegions = (
				en,
				Base,
			);
			mainGroup = 6DACF4C01D1D4CA900583EC2;
			productRefGroup = 6DACF4CA1D1D4CA900583EC2 /* Products */;
			projectDirPath = "";
			projectRoot = "";
			targets = (
				6DACF4C81D1D4CA900583EC2 /* DrawImageInMemory */,
				6DACF4E11D1D4CA900583EC2 /* DrawImageInMemoryTests */,
			);
		};
/* End PBXProject section */

/* Begin PBXResourcesBuildPhase section */
		6DACF4C71D1D4CA900583EC2 /* Resources */ = {
			isa = PBXResourcesBuildPhase;
			buildActionMask = 2147483647;
			files = (
				6DACF4D81D1D4CA900583EC2 /* Main.storyboard in Resources */,
				6DACF4DD1D1D4CA900583EC2 /* LaunchScreen.xib in Resources */,
				6DACF4DA1D1D4CA900583EC2 /* Images.xcassets in Resources */,
			);
			runOnlyForDeploymentPostprocessing = 0;
		};
		6DACF4E01D1D4CA900583EC2 /* Resources */ = {
			isa = PBXResourcesBuildPhase;
			buildActionMask = 2147483647;
			files = (
			);
			runOnlyForDeploymentPostprocessing = 0;
		};
/* End PBXResourcesBuildPhase section */

/* Begin PBXSourcesBuildPhase section */
		6DACF4C51D1D4CA900583EC2 /* Sources */ = {
			isa = PBXSourcesBuildPhase;
			buildActionMask = 2147483647;
			files = (
				6DACF4D51D1D4CA900583EC2 /* ViewController.m in Sources */,
				6DACF4D21D1D4CA900583EC2 /* AppDelegate.m in Sources */,
				6DACF4CF1D1D4CA900583EC2 /* main.m in Sources */,
			);
			runOnlyForDeploymentPostprocessing = 0;
		};
		6DACF4DE1D1D4CA900583EC2 /* Sources */ = {
			isa = PBXSourcesBuildPhase;
			buildActionMask = 2147483647;
			files = (
				6DACF4E91D1D4CA900583EC2 /* DrawImageInMemoryTests.m in Sources */,
			);
			runOnlyForDeploymentPostprocessing = 0;
		};
/* End PBXSourcesBuildPhase section */

/* Begin PBXTargetDependency section */
		6DACF4E41D1D4CA900583EC2 /* PBXTargetDependency */ = {
			isa = PBXTargetDependency;
			target = 6DACF4C81D1D4CA900583EC2 /* DrawImageInMemory */;
			targetProxy = 6DACF4E31D1D4CA900583EC2 /* PBXContainerItemProxy */;
		};
/* End PBXTargetDependency section */

/* Begin PBXVariantGroup section */
		6DACF4D61D1D4CA900583EC2 /* Main.storyboard */ = {
			isa = PBXVariantGroup;
			children = (
				6DACF4D71D1D4CA900583EC2 /* Base */,
			);
			name = Main.storyboard;
			sourceTree = "<group>";
		};
		6DACF4DB1D1D4CA900583EC2 /* LaunchScreen.xib */ = {
			isa = PBXVariantGroup;
			children = (
				6DACF4DC1D1D4CA900583EC2 /* Base */,
			);
			name = LaunchScreen.xib;
			sourceTree = "<group>";
		};
/* End PBXVariantGroup section */

/* Begin XCBuildConfiguration section */
		6DACF4EA1D1D4CA900583EC2 /* Debug */ = {
			isa = XCBuildConfiguration;
			buildSettings = {
				ALWAYS_SEARCH_USER_PATHS = NO;
				CLANG_CXX_LANGUAGE_STANDARD = "gnu++0x";
				CLANG_CXX_LIBRARY = "libc++";
				CLANG_ENABLE_MODULES = YES;
				CLANG_ENABLE_OBJC_ARC = YES;
				CLANG_WARN_BOOL_CONVERSION = YES;
				CLANG_WARN_CONSTANT_CONVERSION = YES;
				CLANG_WARN_DIRECT_OBJC_ISA_USAGE = YES_ERROR;
				CLANG_WARN_EMPTY_BODY = YES;
				CLANG_WARN_ENUM_CONVERSION = YES;
				CLANG_WARN_INT_CONVERSION = YES;
				CLANG_WARN_OBJC_ROOT_CLASS = YES_ERROR;
				CLANG_WARN_UNREACHABLE_CODE = YES;
				CLANG_WARN__DUPLICATE_METHOD_MATCH = YES;
				"CODE_SIGN_IDENTITY[sdk=iphoneos*]" = "iPhone Developer";
				COPY_PHASE_STRIP = NO;
				DEBUG_INFORMATION_FORMAT = "dwarf-with-dsym";
				ENABLE_STRICT_OBJC_MSGSEND = YES;
				GCC_C_LANGUAGE_STANDARD = gnu99;
				GCC_DYNAMIC_NO_PIC = NO;
				GCC_NO_COMMON_BLOCKS = YES;
				GCC_OPTIMIZATION_LEVEL = 0;
				GCC_PREPROCESSOR_DEFINITIONS = (
					"DEBUG=1",
					"$(inherited)",
				);
				GCC_SYMBOLS_PRIVATE_EXTERN = NO;
				GCC_WARN_64_TO_32_BIT_CONVERSION = YES;
				GCC_WARN_ABOUT_RETURN_TYPE = YES_ERROR;
				GCC_WARN_UNDECLARED_SELECTOR = YES;
				GCC_WARN_UNINITIALIZED_AUTOS = YES_AGGRESSIVE;
				GCC_WARN_UNUSED_FUNCTION = YES;
				GCC_WARN_UNUSED_VARIABLE = YES;
				IPHONEOS_DEPLOYMENT_TARGET = 8.4;
				MTL_ENABLE_DEBUG_INFO = YES;
				ONLY_ACTIVE_ARCH = YES;
				SDKROOT = iphoneos;
			};
			name = Debug;
		};
		6DACF4EB1D1D4CA900583EC2 /* Release */ = {
			isa = XCBuildConfiguration;
			buildSettings = {
				ALWAYS_SEARCH_USER_PATHS = NO;
				CLANG_CXX_LANGUAGE_STANDARD = "gnu++0x";
				CLANG_CXX_LIBRARY = "libc++";
				CLANG_ENABLE_MODULES = YES;
				CLANG_ENABLE_OBJC_ARC = YES;
				CLANG_WARN_BOOL_CONVERSION = YES;
				CLANG_WARN_CONSTANT_CONVERSION = YES;
				CLANG_WARN_DIRECT_OBJC_ISA_USAGE = YES_ERROR;
				CLANG_WARN_EMPTY_BODY = YES;
				CLANG_WARN_ENUM_CONVERSION = YES;
				CLANG_WARN_INT_CONVERSION = YES;
				CLANG_WARN_OBJC_ROOT_CLASS = YES_ERROR;
				CLANG_WARN_UNREACHABLE_CODE = YES;
				CLANG_WARN__DUPLICATE_METHOD_MATCH = YES;
				"CODE_SIGN_IDENTITY[sdk=iphoneos*]" = "iPhone Developer";
				COPY_PHASE_STRIP = NO;
				DEBUG_INFORMATION_FORMAT = "dwarf-with-dsym";
				ENABLE_NS_ASSERTIONS = NO;
				ENABLE_STRICT_OBJC_MSGSEND = YES;
				GCC_C_LANGUAGE_STANDARD = gnu99;
				GCC_NO_COMMON_BLOCKS = YES;
				GCC_WARN_64_TO_32_BIT_CONVERSION = YES;
				GCC_WARN_ABOUT_RETURN_TYPE = YES_ERROR;
				GCC_WARN_UNDECLARED_SELECTOR = YES;
				GCC_WARN_UNINITIALIZED_AUTOS = YES_AGGRESSIVE;
				GCC_WARN_UNUSED_FUNCTION = YES;
				GCC_WARN_UNUSED_VARIABLE = YES;
				IPHONEOS_DEPLOYMENT_TARGET = 8.4;
				MTL_ENABLE_DEBUG_INFO = NO;
				SDKROOT = iphoneos;
				VALIDATE_PRODUCT = YES;
			};
			name = Release;
		};
		6DACF4ED1D1D4CA900583EC2 /* Debug */ = {
			isa = XCBuildConfiguration;
			buildSettings = {
				ASSETCATALOG_COMPILER_APPICON_NAME = AppIcon;
				INFOPLIST_FILE = DrawImageInMemory/Info.plist;
				LD_RUNPATH_SEARCH_PATHS = "$(inherited) @executable_path/Frameworks";
				PRODUCT_NAME = "$(TARGET_NAME)";
			};
			name = Debug;
		};
		6DACF4EE1D1D4CA900583EC2 /* Release */ = {
			isa = XCBuildConfiguration;
			buildSettings = {
				ASSETCATALOG_COMPILER_APPICON_NAME = AppIcon;
				INFOPLIST_FILE = DrawImageInMemory/Info.plist;
				LD_RUNPATH_SEARCH_PATHS = "$(inherited) @executable_path/Frameworks";
				PRODUCT_NAME = "$(TARGET_NAME)";
			};
			name = Release;
		};
		6DACF4F01D1D4CA900583EC2 /* Debug */ = {
			isa = XCBuildConfiguration;
			buildSettings = {
				BUNDLE_LOADER = "$(TEST_HOST)";
				FRAMEWORK_SEARCH_PATHS = (
					"$(SDKROOT)/Developer/Library/Frameworks",
					"$(inherited)",
				);
				GCC_PREPROCESSOR_DEFINITIONS = (
					"DEBUG=1",
					"$(inherited)",
				);
				INFOPLIST_FILE = DrawImageInMemoryTests/Info.plist;
				LD_RUNPATH_SEARCH_PATHS = "$(inherited) @executable_path/Frameworks @loader_path/Frameworks";
				PRODUCT_NAME = "$(TARGET_NAME)";
				TEST_HOST = "$(BUILT_PRODUCTS_DIR)/DrawImageInMemory.app/DrawImageInMemory";
			};
			name = Debug;
		};
		6DACF4F11D1D4CA900583EC2 /* Release */ = {
			isa = XCBuildConfiguration;
			buildSettings = {
				BUNDLE_LOADER = "$(TEST_HOST)";
				FRAMEWORK_SEARCH_PATHS = (
					"$(SDKROOT)/Developer/Library/Frameworks",
					"$(inherited)",
				);
				INFOPLIST_FILE = DrawImageInMemoryTests/Info.plist;
				LD_RUNPATH_SEARCH_PATHS = "$(inherited) @executable_path/Frameworks @loader_path/Frameworks";
				PRODUCT_NAME = "$(TARGET_NAME)";
				TEST_HOST = "$(BUILT_PRODUCTS_DIR)/DrawImageInMemory.app/DrawImageInMemory";
			};
			name = Release;
		};
/* End XCBuildConfiguration section */

/* Begin XCConfigurationList section */
		6DACF4C41D1D4CA900583EC2 /* Build configuration list for PBXProject "DrawImageInMemory" */ = {
			isa = XCConfigurationList;
			buildConfigurations = (
				6DACF4EA1D1D4CA900583EC2 /* Debug */,
				6DACF4EB1D1D4CA900583EC2 /* Release */,
			);
			defaultConfigurationIsVisible = 0;
			defaultConfigurationName = Release;
		};
		6DACF4EC1D1D4CA900583EC2 /* Build configuration list for PBXNativeTarget "DrawImageInMemory" */ = {
			isa = XCConfigurationList;
			buildConfigurations = (
				6DACF4ED1D1D4CA900583EC2 /* Debug */,
				6DACF4EE1D1D4CA900583EC2 /* Release */,
			);
			defaultConfigurationIsVisible = 0;
		};
		6DACF4EF1D1D4CA900583EC2 /* Build configuration list for PBXNativeTarget "DrawImageInMemoryTests" */ = {
			isa = XCConfigurationList;
			buildConfigurations = (
				6DACF4F01D1D4CA900583EC2 /* Debug */,
				6DACF4F11D1D4CA900583EC2 /* Release */,
			);
			defaultConfigurationIsVisible = 0;
		};
/* End XCConfigurationList section */
	};
	rootObject = 6DACF4C11D1D4CA900583EC2 /* Project object */;
}
