// !$*UTF8*$!
{
	archiveVersion = 1;
	classes = {
	};
	objectVersion = 46;
	objects = {

/* Begin PBXBuildFile section */
		6DA86DAA1D0E51DE00312700 /* main.m in Sources */ = {isa = PBXBuildFile; fileRef = 6DA86DA91D0E51DE00312700 /* main.m */; };
		6DA86DAD1D0E51DE00312700 /* AppDelegate.m in Sources */ = {isa = PBXBuildFile; fileRef = 6DA86DAC1D0E51DE00312700 /* AppDelegate.m */; };
		6DA86DB01D0E51DE00312700 /* ViewController.m in Sources */ = {isa = PBXBuildFile; fileRef = 6DA86DAF1D0E51DE00312700 /* ViewController.m */; };
		6DA86DB31D0E51DE00312700 /* Main.storyboard in Resources */ = {isa = PBXBuildFile; fileRef = 6DA86DB11D0E51DE00312700 /* Main.storyboard */; };
		6DA86DB51D0E51DF00312700 /* Images.xcassets in Resources */ = {isa = PBXBuildFile; fileRef = 6DA86DB41D0E51DF00312700 /* Images.xcassets */; };
		6DA86DB81D0E51DF00312700 /* LaunchScreen.xib in Resources */ = {isa = PBXBuildFile; fileRef = 6DA86DB61D0E51DF00312700 /* LaunchScreen.xib */; };
		6DA86DC41D0E51E000312700 /* NSThreadTestTests.m in Sources */ = {isa = PBXBuildFile; fileRef = 6DA86DC31D0E51E000312700 /* NSThreadTestTests.m */; };
/* End PBXBuildFile section */

/* Begin PBXContainerItemProxy section */
		6DA86DBE1D0E51DF00312700 /* PBXContainerItemProxy */ = {
			isa = PBXContainerItemProxy;
			containerPortal = 6DA86D9C1D0E51DB00312700 /* Project object */;
			proxyType = 1;
			remoteGlobalIDString = 6DA86DA31D0E51DB00312700;
			remoteInfo = NSThreadTest;
		};
/* End PBXContainerItemProxy section */

/* Begin PBXFileReference section */
		6DA86DA41D0E51DD00312700 /* NSThreadTest.app */ = {isa = PBXFileReference; explicitFileType = wrapper.application; includeInIndex = 0; path = NSThreadTest.app; sourceTree = BUILT_PRODUCTS_DIR; };
		6DA86DA81D0E51DD00312700 /* Info.plist */ = {isa = PBXFileReference; lastKnownFileType = text.plist.xml; path = Info.plist; sourceTree = "<group>"; };
		6DA86DA91D0E51DE00312700 /* main.m */ = {isa = PBXFileReference; lastKnownFileType = sourcecode.c.objc; path = main.m; sourceTree = "<group>"; };
		6DA86DAB1D0E51DE00312700 /* AppDelegate.h */ = {isa = PBXFileReference; lastKnownFileType = sourcecode.c.h; path = AppDelegate.h; sourceTree = "<group>"; };
		6DA86DAC1D0E51DE00312700 /* AppDelegate.m */ = {isa = PBXFileReference; lastKnownFileType = sourcecode.c.objc; path = AppDelegate.m; sourceTree = "<group>"; };
		6DA86DAE1D0E51DE00312700 /* ViewController.h */ = {isa = PBXFileReference; lastKnownFileType = sourcecode.c.h; path = ViewController.h; sourceTree = "<group>"; };
		6DA86DAF1D0E51DE00312700 /* ViewController.m */ = {isa = PBXFileReference; lastKnownFileType = sourcecode.c.objc; path = ViewController.m; sourceTree = "<group>"; };
		6DA86DB21D0E51DE00312700 /* Base */ = {isa = PBXFileReference; lastKnownFileType = file.storyboard; name = Base; path = Base.lproj/Main.storyboard; sourceTree = "<group>"; };
		6DA86DB41D0E51DF00312700 /* Images.xcassets */ = {isa = PBXFileReference; lastKnownFileType = folder.assetcatalog; path = Images.xcassets; sourceTree = "<group>"; };
		6DA86DB71D0E51DF00312700 /* Base */ = {isa = PBXFileReference; lastKnownFileType = file.xib; name = Base; path = Base.lproj/LaunchScreen.xib; sourceTree = "<group>"; };
		6DA86DBD1D0E51DF00312700 /* NSThreadTestTests.xctest */ = {isa = PBXFileReference; explicitFileType = wrapper.cfbundle; includeInIndex = 0; path = NSThreadTestTests.xctest; sourceTree = BUILT_PRODUCTS_DIR; };
		6DA86DC21D0E51E000312700 /* Info.plist */ = {isa = PBXFileReference; lastKnownFileType = text.plist.xml; path = Info.plist; sourceTree = "<group>"; };
		6DA86DC31D0E51E000312700 /* NSThreadTestTests.m */ = {isa = PBXFileReference; lastKnownFileType = sourcecode.c.objc; path = NSThreadTestTests.m; sourceTree = "<group>"; };
/* End PBXFileReference section */

/* Begin PBXFrameworksBuildPhase section */
		6DA86DA11D0E51DB00312700 /* Frameworks */ = {
			isa = PBXFrameworksBuildPhase;
			buildActionMask = 2147483647;
			files = (
			);
			runOnlyForDeploymentPostprocessing = 0;
		};
		6DA86DBA1D0E51DF00312700 /* Frameworks */ = {
			isa = PBXFrameworksBuildPhase;
			buildActionMask = 2147483647;
			files = (
			);
			runOnlyForDeploymentPostprocessing = 0;
		};
/* End PBXFrameworksBuildPhase section */

/* Begin PBXGroup section */
		6DA86D9B1D0E51DB00312700 = {
			isa = PBXGroup;
			children = (
				6DA86DA61D0E51DD00312700 /* NSThreadTest */,
				6DA86DC01D0E51DF00312700 /* NSThreadTestTests */,
				6DA86DA51D0E51DD00312700 /* Products */,
			);
			sourceTree = "<group>";
		};
		6DA86DA51D0E51DD00312700 /* Products */ = {
			isa = PBXGroup;
			children = (
				6DA86DA41D0E51DD00312700 /* NSThreadTest.app */,
				6DA86DBD1D0E51DF00312700 /* NSThreadTestTests.xctest */,
			);
			name = Products;
			sourceTree = "<group>";
		};
		6DA86DA61D0E51DD00312700 /* NSThreadTest */ = {
			isa = PBXGroup;
			children = (
				6DA86DAB1D0E51DE00312700 /* AppDelegate.h */,
				6DA86DAC1D0E51DE00312700 /* AppDelegate.m */,
				6DA86DAE1D0E51DE00312700 /* ViewController.h */,
				6DA86DAF1D0E51DE00312700 /* ViewController.m */,
				6DA86DB11D0E51DE00312700 /* Main.storyboard */,
				6DA86DB41D0E51DF00312700 /* Images.xcassets */,
				6DA86DB61D0E51DF00312700 /* LaunchScreen.xib */,
				6DA86DA71D0E51DD00312700 /* Supporting Files */,
			);
			path = NSThreadTest;
			sourceTree = "<group>";
		};
		6DA86DA71D0E51DD00312700 /* Supporting Files */ = {
			isa = PBXGroup;
			children = (
				6DA86DA81D0E51DD00312700 /* Info.plist */,
				6DA86DA91D0E51DE00312700 /* main.m */,
			);
			name = "Supporting Files";
			sourceTree = "<group>";
		};
		6DA86DC01D0E51DF00312700 /* NSThreadTestTests */ = {
			isa = PBXGroup;
			children = (
				6DA86DC31D0E51E000312700 /* NSThreadTestTests.m */,
				6DA86DC11D0E51E000312700 /* Supporting Files */,
			);
			path = NSThreadTestTests;
			sourceTree = "<group>";
		};
		6DA86DC11D0E51E000312700 /* Supporting Files */ = {
			isa = PBXGroup;
			children = (
				6DA86DC21D0E51E000312700 /* Info.plist */,
			);
			name = "Supporting Files";
			sourceTree = "<group>";
		};
/* End PBXGroup section */

/* Begin PBXNativeTarget section */
		6DA86DA31D0E51DB00312700 /* NSThreadTest */ = {
			isa = PBXNativeTarget;
			buildConfigurationList = 6DA86DC71D0E51E000312700 /* Build configuration list for PBXNativeTarget "NSThreadTest" */;
			buildPhases = (
				6DA86DA01D0E51DB00312700 /* Sources */,
				6DA86DA11D0E51DB00312700 /* Frameworks */,
				6DA86DA21D0E51DB00312700 /* Resources */,
			);
			buildRules = (
			);
			dependencies = (
			);
			name = NSThreadTest;
			productName = NSThreadTest;
			productReference = 6DA86DA41D0E51DD00312700 /* NSThreadTest.app */;
			productType = "com.apple.product-type.application";
		};
		6DA86DBC1D0E51DF00312700 /* NSThreadTestTests */ = {
			isa = PBXNativeTarget;
			buildConfigurationList = 6DA86DCA1D0E51E000312700 /* Build configuration list for PBXNativeTarget "NSThreadTestTests" */;
			buildPhases = (
				6DA86DB91D0E51DF00312700 /* Sources */,
				6DA86DBA1D0E51DF00312700 /* Frameworks */,
				6DA86DBB1D0E51DF00312700 /* Resources */,
			);
			buildRules = (
			);
			dependencies = (
				6DA86DBF1D0E51DF00312700 /* PBXTargetDependency */,
			);
			name = NSThreadTestTests;
			productName = NSThreadTestTests;
			productReference = 6DA86DBD1D0E51DF00312700 /* NSThreadTestTests.xctest */;
			productType = "com.apple.product-type.bundle.unit-test";
		};
/* End PBXNativeTarget section */

/* Begin PBXProject section */
		6DA86D9C1D0E51DB00312700 /* Project object */ = {
			isa = PBXProject;
			attributes = {
				LastUpgradeCheck = 0640;
				ORGANIZATIONNAME = nd;
				TargetAttributes = {
					6DA86DA31D0E51DB00312700 = {
						CreatedOnToolsVersion = 6.4;
					};
					6DA86DBC1D0E51DF00312700 = {
						CreatedOnToolsVersion = 6.4;
						TestTargetID = 6DA86DA31D0E51DB00312700;
					};
				};
			};
			buildConfigurationList = 6DA86D9F1D0E51DB00312700 /* Build configuration list for PBXProject "NSThreadTest" */;
			compatibilityVersion = "Xcode 3.2";
			developmentRegion = English;
			hasScannedForEncodings = 0;
			knownRegions = (
				en,
				Base,
			);
			mainGroup = 6DA86D9B1D0E51DB00312700;
			productRefGroup = 6DA86DA51D0E51DD00312700 /* Products */;
			projectDirPath = "";
			projectRoot = "";
			targets = (
				6DA86DA31D0E51DB00312700 /* NSThreadTest */,
				6DA86DBC1D0E51DF00312700 /* NSThreadTestTests */,
			);
		};
/* End PBXProject section */

/* Begin PBXResourcesBuildPhase section */
		6DA86DA21D0E51DB00312700 /* Resources */ = {
			isa = PBXResourcesBuildPhase;
			buildActionMask = 2147483647;
			files = (
				6DA86DB31D0E51DE00312700 /* Main.storyboard in Resources */,
				6DA86DB81D0E51DF00312700 /* LaunchScreen.xib in Resources */,
				6DA86DB51D0E51DF00312700 /* Images.xcassets in Resources */,
			);
			runOnlyForDeploymentPostprocessing = 0;
		};
		6DA86DBB1D0E51DF00312700 /* Resources */ = {
			isa = PBXResourcesBuildPhase;
			buildActionMask = 2147483647;
			files = (
			);
			runOnlyForDeploymentPostprocessing = 0;
		};
/* End PBXResourcesBuildPhase section */

/* Begin PBXSourcesBuildPhase section */
		6DA86DA01D0E51DB00312700 /* Sources */ = {
			isa = PBXSourcesBuildPhase;
			buildActionMask = 2147483647;
			files = (
				6DA86DB01D0E51DE00312700 /* ViewController.m in Sources */,
				6DA86DAD1D0E51DE00312700 /* AppDelegate.m in Sources */,
				6DA86DAA1D0E51DE00312700 /* main.m in Sources */,
			);
			runOnlyForDeploymentPostprocessing = 0;
		};
		6DA86DB91D0E51DF00312700 /* Sources */ = {
			isa = PBXSourcesBuildPhase;
			buildActionMask = 2147483647;
			files = (
				6DA86DC41D0E51E000312700 /* NSThreadTestTests.m in Sources */,
			);
			runOnlyForDeploymentPostprocessing = 0;
		};
/* End PBXSourcesBuildPhase section */

/* Begin PBXTargetDependency section */
		6DA86DBF1D0E51DF00312700 /* PBXTargetDependency */ = {
			isa = PBXTargetDependency;
			target = 6DA86DA31D0E51DB00312700 /* NSThreadTest */;
			targetProxy = 6DA86DBE1D0E51DF00312700 /* PBXContainerItemProxy */;
		};
/* End PBXTargetDependency section */

/* Begin PBXVariantGroup section */
		6DA86DB11D0E51DE00312700 /* Main.storyboard */ = {
			isa = PBXVariantGroup;
			children = (
				6DA86DB21D0E51DE00312700 /* Base */,
			);
			name = Main.storyboard;
			sourceTree = "<group>";
		};
		6DA86DB61D0E51DF00312700 /* LaunchScreen.xib */ = {
			isa = PBXVariantGroup;
			children = (
				6DA86DB71D0E51DF00312700 /* Base */,
			);
			name = LaunchScreen.xib;
			sourceTree = "<group>";
		};
/* End PBXVariantGroup section */

/* Begin XCBuildConfiguration section */
		6DA86DC51D0E51E000312700 /* Debug */ = {
			isa = XCBuildConfiguration;
			buildSettings = {
				ALWAYS_SEARCH_USER_PATHS = NO;
				CLANG_CXX_LANGUAGE_STANDARD = "gnu++0x";
				CLANG_CXX_LIBRARY = "libc++";
				CLANG_ENABLE_MODULES = YES;
				CLANG_ENABLE_OBJC_ARC = YES;
				CLANG_WARN_BOOL_CONVERSION = YES;
				CLANG_WARN_CONSTANT_CONVERSION = YES;
				CLANG_WARN_DIRECT_OBJC_ISA_USAGE = YES_ERROR;
				CLANG_WARN_EMPTY_BODY = YES;
				CLANG_WARN_ENUM_CONVERSION = YES;
				CLANG_WARN_INT_CONVERSION = YES;
				CLANG_WARN_OBJC_ROOT_CLASS = YES_ERROR;
				CLANG_WARN_UNREACHABLE_CODE = YES;
				CLANG_WARN__DUPLICATE_METHOD_MATCH = YES;
				"CODE_SIGN_IDENTITY[sdk=iphoneos*]" = "iPhone Developer";
				COPY_PHASE_STRIP = NO;
				DEBUG_INFORMATION_FORMAT = "dwarf-with-dsym";
				ENABLE_STRICT_OBJC_MSGSEND = YES;
				GCC_C_LANGUAGE_STANDARD = gnu99;
				GCC_DYNAMIC_NO_PIC = NO;
				GCC_NO_COMMON_BLOCKS = YES;
				GCC_OPTIMIZATION_LEVEL = 0;
				GCC_PREPROCESSOR_DEFINITIONS = (
					"DEBUG=1",
					"$(inherited)",
				);
				GCC_SYMBOLS_PRIVATE_EXTERN = NO;
				GCC_WARN_64_TO_32_BIT_CONVERSION = YES;
				GCC_WARN_ABOUT_RETURN_TYPE = YES_ERROR;
				GCC_WARN_UNDECLARED_SELECTOR = YES;
				GCC_WARN_UNINITIALIZED_AUTOS = YES_AGGRESSIVE;
				GCC_WARN_UNUSED_FUNCTION = YES;
				GCC_WARN_UNUSED_VARIABLE = YES;
				IPHONEOS_DEPLOYMENT_TARGET = 8.4;
				MTL_ENABLE_DEBUG_INFO = YES;
				ONLY_ACTIVE_ARCH = YES;
				SDKROOT = iphoneos;
			};
			name = Debug;
		};
		6DA86DC61D0E51E000312700 /* Release */ = {
			isa = XCBuildConfiguration;
			buildSettings = {
				ALWAYS_SEARCH_USER_PATHS = NO;
				CLANG_CXX_LANGUAGE_STANDARD = "gnu++0x";
				CLANG_CXX_LIBRARY = "libc++";
				CLANG_ENABLE_MODULES = YES;
				CLANG_ENABLE_OBJC_ARC = YES;
				CLANG_WARN_BOOL_CONVERSION = YES;
				CLANG_WARN_CONSTANT_CONVERSION = YES;
				CLANG_WARN_DIRECT_OBJC_ISA_USAGE = YES_ERROR;
				CLANG_WARN_EMPTY_BODY = YES;
				CLANG_WARN_ENUM_CONVERSION = YES;
				CLANG_WARN_INT_CONVERSION = YES;
				CLANG_WARN_OBJC_ROOT_CLASS = YES_ERROR;
				CLANG_WARN_UNREACHABLE_CODE = YES;
				CLANG_WARN__DUPLICATE_METHOD_MATCH = YES;
				"CODE_SIGN_IDENTITY[sdk=iphoneos*]" = "iPhone Developer";
				COPY_PHASE_STRIP = NO;
				DEBUG_INFORMATION_FORMAT = "dwarf-with-dsym";
				ENABLE_NS_ASSERTIONS = NO;
				ENABLE_STRICT_OBJC_MSGSEND = YES;
				GCC_C_LANGUAGE_STANDARD = gnu99;
				GCC_NO_COMMON_BLOCKS = YES;
				GCC_WARN_64_TO_32_BIT_CONVERSION = YES;
				GCC_WARN_ABOUT_RETURN_TYPE = YES_ERROR;
				GCC_WARN_UNDECLARED_SELECTOR = YES;
				GCC_WARN_UNINITIALIZED_AUTOS = YES_AGGRESSIVE;
				GCC_WARN_UNUSED_FUNCTION = YES;
				GCC_WARN_UNUSED_VARIABLE = YES;
				IPHONEOS_DEPLOYMENT_TARGET = 8.4;
				MTL_ENABLE_DEBUG_INFO = NO;
				SDKROOT = iphoneos;
				VALIDATE_PRODUCT = YES;
			};
			name = Release;
		};
		6DA86DC81D0E51E000312700 /* Debug */ = {
			isa = XCBuildConfiguration;
			buildSettings = {
				ASSETCATALOG_COMPILER_APPICON_NAME = AppIcon;
				INFOPLIST_FILE = NSThreadTest/Info.plist;
				LD_RUNPATH_SEARCH_PATHS = "$(inherited) @executable_path/Frameworks";
				PRODUCT_NAME = "$(TARGET_NAME)";
			};
			name = Debug;
		};
		6DA86DC91D0E51E000312700 /* Release */ = {
			isa = XCBuildConfiguration;
			buildSettings = {
				ASSETCATALOG_COMPILER_APPICON_NAME = AppIcon;
				INFOPLIST_FILE = NSThreadTest/Info.plist;
				LD_RUNPATH_SEARCH_PATHS = "$(inherited) @executable_path/Frameworks";
				PRODUCT_NAME = "$(TARGET_NAME)";
			};
			name = Release;
		};
		6DA86DCB1D0E51E000312700 /* Debug */ = {
			isa = XCBuildConfiguration;
			buildSettings = {
				BUNDLE_LOADER = "$(TEST_HOST)";
				FRAMEWORK_SEARCH_PATHS = (
					"$(SDKROOT)/Developer/Library/Frameworks",
					"$(inherited)",
				);
				GCC_PREPROCESSOR_DEFINITIONS = (
					"DEBUG=1",
					"$(inherited)",
				);
				INFOPLIST_FILE = NSThreadTestTests/Info.plist;
				LD_RUNPATH_SEARCH_PATHS = "$(inherited) @executable_path/Frameworks @loader_path/Frameworks";
				PRODUCT_NAME = "$(TARGET_NAME)";
				TEST_HOST = "$(BUILT_PRODUCTS_DIR)/NSThreadTest.app/NSThreadTest";
			};
			name = Debug;
		};
		6DA86DCC1D0E51E000312700 /* Release */ = {
			isa = XCBuildConfiguration;
			buildSettings = {
				BUNDLE_LOADER = "$(TEST_HOST)";
				FRAMEWORK_SEARCH_PATHS = (
					"$(SDKROOT)/Developer/Library/Frameworks",
					"$(inherited)",
				);
				INFOPLIST_FILE = NSThreadTestTests/Info.plist;
				LD_RUNPATH_SEARCH_PATHS = "$(inherited) @executable_path/Frameworks @loader_path/Frameworks";
				PRODUCT_NAME = "$(TARGET_NAME)";
				TEST_HOST = "$(BUILT_PRODUCTS_DIR)/NSThreadTest.app/NSThreadTest";
			};
			name = Release;
		};
/* End XCBuildConfiguration section */

/* Begin XCConfigurationList section */
		6DA86D9F1D0E51DB00312700 /* Build configuration list for PBXProject "NSThreadTest" */ = {
			isa = XCConfigurationList;
			buildConfigurations = (
				6DA86DC51D0E51E000312700 /* Debug */,
				6DA86DC61D0E51E000312700 /* Release */,
			);
			defaultConfigurationIsVisible = 0;
			defaultConfigurationName = Release;
		};
		6DA86DC71D0E51E000312700 /* Build configuration list for PBXNativeTarget "NSThreadTest" */ = {
			isa = XCConfigurationList;
			buildConfigurations = (
				6DA86DC81D0E51E000312700 /* Debug */,
				6DA86DC91D0E51E000312700 /* Release */,
			);
			defaultConfigurationIsVisible = 0;
		};
		6DA86DCA1D0E51E000312700 /* Build configuration list for PBXNativeTarget "NSThreadTestTests" */ = {
			isa = XCConfigurationList;
			buildConfigurations = (
				6DA86DCB1D0E51E000312700 /* Debug */,
				6DA86DCC1D0E51E000312700 /* Release */,
			);
			defaultConfigurationIsVisible = 0;
		};
/* End XCConfigurationList section */
	};
	rootObject = 6DA86D9C1D0E51DB00312700 /* Project object */;
}
