// !$*UTF8*$!
{
	archiveVersion = 1;
	classes = {
	};
	objectVersion = 46;
	objects = {

/* Begin PBXBuildFile section */
		6D17BA4D1D0FAF0F00996D0B /* main.m in Sources */ = {isa = PBXBuildFile; fileRef = 6D17BA4C1D0FAF0F00996D0B /* main.m */; };
		6D17BA501D0FAF0F00996D0B /* AppDelegate.m in Sources */ = {isa = PBXBuildFile; fileRef = 6D17BA4F1D0FAF0F00996D0B /* AppDelegate.m */; };
		6D17BA531D0FAF0F00996D0B /* ViewController.m in Sources */ = {isa = PBXBuildFile; fileRef = 6D17BA521D0FAF0F00996D0B /* ViewController.m */; };
		6D17BA561D0FAF0F00996D0B /* Main.storyboard in Resources */ = {isa = PBXBuildFile; fileRef = 6D17BA541D0FAF0F00996D0B /* Main.storyboard */; };
		6D17BA581D0FAF0F00996D0B /* Images.xcassets in Resources */ = {isa = PBXBuildFile; fileRef = 6D17BA571D0FAF0F00996D0B /* Images.xcassets */; };
		6D17BA5B1D0FAF0F00996D0B /* LaunchScreen.xib in Resources */ = {isa = PBXBuildFile; fileRef = 6D17BA591D0FAF0F00996D0B /* LaunchScreen.xib */; };
		6D17BA671D0FAF0F00996D0B /* NSLockDrawTestTests.m in Sources */ = {isa = PBXBuildFile; fileRef = 6D17BA661D0FAF0F00996D0B /* NSLockDrawTestTests.m */; };
		6D17BA721D0FAF5E00996D0B /* FKAccount.m in Sources */ = {isa = PBXBuildFile; fileRef = 6D17BA711D0FAF5E00996D0B /* FKAccount.m */; };
/* End PBXBuildFile section */

/* Begin PBXContainerItemProxy section */
		6D17BA611D0FAF0F00996D0B /* PBXContainerItemProxy */ = {
			isa = PBXContainerItemProxy;
			containerPortal = 6D17BA3F1D0FAF0F00996D0B /* Project object */;
			proxyType = 1;
			remoteGlobalIDString = 6D17BA461D0FAF0F00996D0B;
			remoteInfo = NSLockDrawTest;
		};
/* End PBXContainerItemProxy section */

/* Begin PBXFileReference section */
		6D17BA471D0FAF0F00996D0B /* NSLockDrawTest.app */ = {isa = PBXFileReference; explicitFileType = wrapper.application; includeInIndex = 0; path = NSLockDrawTest.app; sourceTree = BUILT_PRODUCTS_DIR; };
		6D17BA4B1D0FAF0F00996D0B /* Info.plist */ = {isa = PBXFileReference; lastKnownFileType = text.plist.xml; path = Info.plist; sourceTree = "<group>"; };
		6D17BA4C1D0FAF0F00996D0B /* main.m */ = {isa = PBXFileReference; lastKnownFileType = sourcecode.c.objc; path = main.m; sourceTree = "<group>"; };
		6D17BA4E1D0FAF0F00996D0B /* AppDelegate.h */ = {isa = PBXFileReference; lastKnownFileType = sourcecode.c.h; path = AppDelegate.h; sourceTree = "<group>"; };
		6D17BA4F1D0FAF0F00996D0B /* AppDelegate.m */ = {isa = PBXFileReference; lastKnownFileType = sourcecode.c.objc; path = AppDelegate.m; sourceTree = "<group>"; };
		6D17BA511D0FAF0F00996D0B /* ViewController.h */ = {isa = PBXFileReference; lastKnownFileType = sourcecode.c.h; path = ViewController.h; sourceTree = "<group>"; };
		6D17BA521D0FAF0F00996D0B /* ViewController.m */ = {isa = PBXFileReference; lastKnownFileType = sourcecode.c.objc; path = ViewController.m; sourceTree = "<group>"; };
		6D17BA551D0FAF0F00996D0B /* Base */ = {isa = PBXFileReference; lastKnownFileType = file.storyboard; name = Base; path = Base.lproj/Main.storyboard; sourceTree = "<group>"; };
		6D17BA571D0FAF0F00996D0B /* Images.xcassets */ = {isa = PBXFileReference; lastKnownFileType = folder.assetcatalog; path = Images.xcassets; sourceTree = "<group>"; };
		6D17BA5A1D0FAF0F00996D0B /* Base */ = {isa = PBXFileReference; lastKnownFileType = file.xib; name = Base; path = Base.lproj/LaunchScreen.xib; sourceTree = "<group>"; };
		6D17BA601D0FAF0F00996D0B /* NSLockDrawTestTests.xctest */ = {isa = PBXFileReference; explicitFileType = wrapper.cfbundle; includeInIndex = 0; path = NSLockDrawTestTests.xctest; sourceTree = BUILT_PRODUCTS_DIR; };
		6D17BA651D0FAF0F00996D0B /* Info.plist */ = {isa = PBXFileReference; lastKnownFileType = text.plist.xml; path = Info.plist; sourceTree = "<group>"; };
		6D17BA661D0FAF0F00996D0B /* NSLockDrawTestTests.m */ = {isa = PBXFileReference; lastKnownFileType = sourcecode.c.objc; path = NSLockDrawTestTests.m; sourceTree = "<group>"; };
		6D17BA701D0FAF5E00996D0B /* FKAccount.h */ = {isa = PBXFileReference; fileEncoding = 4; lastKnownFileType = sourcecode.c.h; path = FKAccount.h; sourceTree = "<group>"; };
		6D17BA711D0FAF5E00996D0B /* FKAccount.m */ = {isa = PBXFileReference; fileEncoding = 4; lastKnownFileType = sourcecode.c.objc; path = FKAccount.m; sourceTree = "<group>"; };
/* End PBXFileReference section */

/* Begin PBXFrameworksBuildPhase section */
		6D17BA441D0FAF0F00996D0B /* Frameworks */ = {
			isa = PBXFrameworksBuildPhase;
			buildActionMask = 2147483647;
			files = (
			);
			runOnlyForDeploymentPostprocessing = 0;
		};
		6D17BA5D1D0FAF0F00996D0B /* Frameworks */ = {
			isa = PBXFrameworksBuildPhase;
			buildActionMask = 2147483647;
			files = (
			);
			runOnlyForDeploymentPostprocessing = 0;
		};
/* End PBXFrameworksBuildPhase section */

/* Begin PBXGroup section */
		6D17BA3E1D0FAF0F00996D0B = {
			isa = PBXGroup;
			children = (
				6D17BA491D0FAF0F00996D0B /* NSLockDrawTest */,
				6D17BA631D0FAF0F00996D0B /* NSLockDrawTestTests */,
				6D17BA481D0FAF0F00996D0B /* Products */,
			);
			sourceTree = "<group>";
		};
		6D17BA481D0FAF0F00996D0B /* Products */ = {
			isa = PBXGroup;
			children = (
				6D17BA471D0FAF0F00996D0B /* NSLockDrawTest.app */,
				6D17BA601D0FAF0F00996D0B /* NSLockDrawTestTests.xctest */,
			);
			name = Products;
			sourceTree = "<group>";
		};
		6D17BA491D0FAF0F00996D0B /* NSLockDrawTest */ = {
			isa = PBXGroup;
			children = (
				6D17BA701D0FAF5E00996D0B /* FKAccount.h */,
				6D17BA711D0FAF5E00996D0B /* FKAccount.m */,
				6D17BA4E1D0FAF0F00996D0B /* AppDelegate.h */,
				6D17BA4F1D0FAF0F00996D0B /* AppDelegate.m */,
				6D17BA511D0FAF0F00996D0B /* ViewController.h */,
				6D17BA521D0FAF0F00996D0B /* ViewController.m */,
				6D17BA541D0FAF0F00996D0B /* Main.storyboard */,
				6D17BA571D0FAF0F00996D0B /* Images.xcassets */,
				6D17BA591D0FAF0F00996D0B /* LaunchScreen.xib */,
				6D17BA4A1D0FAF0F00996D0B /* Supporting Files */,
			);
			path = NSLockDrawTest;
			sourceTree = "<group>";
		};
		6D17BA4A1D0FAF0F00996D0B /* Supporting Files */ = {
			isa = PBXGroup;
			children = (
				6D17BA4B1D0FAF0F00996D0B /* Info.plist */,
				6D17BA4C1D0FAF0F00996D0B /* main.m */,
			);
			name = "Supporting Files";
			sourceTree = "<group>";
		};
		6D17BA631D0FAF0F00996D0B /* NSLockDrawTestTests */ = {
			isa = PBXGroup;
			children = (
				6D17BA661D0FAF0F00996D0B /* NSLockDrawTestTests.m */,
				6D17BA641D0FAF0F00996D0B /* Supporting Files */,
			);
			path = NSLockDrawTestTests;
			sourceTree = "<group>";
		};
		6D17BA641D0FAF0F00996D0B /* Supporting Files */ = {
			isa = PBXGroup;
			children = (
				6D17BA651D0FAF0F00996D0B /* Info.plist */,
			);
			name = "Supporting Files";
			sourceTree = "<group>";
		};
/* End PBXGroup section */

/* Begin PBXNativeTarget section */
		6D17BA461D0FAF0F00996D0B /* NSLockDrawTest */ = {
			isa = PBXNativeTarget;
			buildConfigurationList = 6D17BA6A1D0FAF0F00996D0B /* Build configuration list for PBXNativeTarget "NSLockDrawTest" */;
			buildPhases = (
				6D17BA431D0FAF0F00996D0B /* Sources */,
				6D17BA441D0FAF0F00996D0B /* Frameworks */,
				6D17BA451D0FAF0F00996D0B /* Resources */,
			);
			buildRules = (
			);
			dependencies = (
			);
			name = NSLockDrawTest;
			productName = NSLockDrawTest;
			productReference = 6D17BA471D0FAF0F00996D0B /* NSLockDrawTest.app */;
			productType = "com.apple.product-type.application";
		};
		6D17BA5F1D0FAF0F00996D0B /* NSLockDrawTestTests */ = {
			isa = PBXNativeTarget;
			buildConfigurationList = 6D17BA6D1D0FAF0F00996D0B /* Build configuration list for PBXNativeTarget "NSLockDrawTestTests" */;
			buildPhases = (
				6D17BA5C1D0FAF0F00996D0B /* Sources */,
				6D17BA5D1D0FAF0F00996D0B /* Frameworks */,
				6D17BA5E1D0FAF0F00996D0B /* Resources */,
			);
			buildRules = (
			);
			dependencies = (
				6D17BA621D0FAF0F00996D0B /* PBXTargetDependency */,
			);
			name = NSLockDrawTestTests;
			productName = NSLockDrawTestTests;
			productReference = 6D17BA601D0FAF0F00996D0B /* NSLockDrawTestTests.xctest */;
			productType = "com.apple.product-type.bundle.unit-test";
		};
/* End PBXNativeTarget section */

/* Begin PBXProject section */
		6D17BA3F1D0FAF0F00996D0B /* Project object */ = {
			isa = PBXProject;
			attributes = {
				LastUpgradeCheck = 0640;
				ORGANIZATIONNAME = nd;
				TargetAttributes = {
					6D17BA461D0FAF0F00996D0B = {
						CreatedOnToolsVersion = 6.4;
					};
					6D17BA5F1D0FAF0F00996D0B = {
						CreatedOnToolsVersion = 6.4;
						TestTargetID = 6D17BA461D0FAF0F00996D0B;
					};
				};
			};
			buildConfigurationList = 6D17BA421D0FAF0F00996D0B /* Build configuration list for PBXProject "NSLockDrawTest" */;
			compatibilityVersion = "Xcode 3.2";
			developmentRegion = English;
			hasScannedForEncodings = 0;
			knownRegions = (
				en,
				Base,
			);
			mainGroup = 6D17BA3E1D0FAF0F00996D0B;
			productRefGroup = 6D17BA481D0FAF0F00996D0B /* Products */;
			projectDirPath = "";
			projectRoot = "";
			targets = (
				6D17BA461D0FAF0F00996D0B /* NSLockDrawTest */,
				6D17BA5F1D0FAF0F00996D0B /* NSLockDrawTestTests */,
			);
		};
/* End PBXProject section */

/* Begin PBXResourcesBuildPhase section */
		6D17BA451D0FAF0F00996D0B /* Resources */ = {
			isa = PBXResourcesBuildPhase;
			buildActionMask = 2147483647;
			files = (
				6D17BA561D0FAF0F00996D0B /* Main.storyboard in Resources */,
				6D17BA5B1D0FAF0F00996D0B /* LaunchScreen.xib in Resources */,
				6D17BA581D0FAF0F00996D0B /* Images.xcassets in Resources */,
			);
			runOnlyForDeploymentPostprocessing = 0;
		};
		6D17BA5E1D0FAF0F00996D0B /* Resources */ = {
			isa = PBXResourcesBuildPhase;
			buildActionMask = 2147483647;
			files = (
			);
			runOnlyForDeploymentPostprocessing = 0;
		};
/* End PBXResourcesBuildPhase section */

/* Begin PBXSourcesBuildPhase section */
		6D17BA431D0FAF0F00996D0B /* Sources */ = {
			isa = PBXSourcesBuildPhase;
			buildActionMask = 2147483647;
			files = (
				6D17BA721D0FAF5E00996D0B /* FKAccount.m in Sources */,
				6D17BA531D0FAF0F00996D0B /* ViewController.m in Sources */,
				6D17BA501D0FAF0F00996D0B /* AppDelegate.m in Sources */,
				6D17BA4D1D0FAF0F00996D0B /* main.m in Sources */,
			);
			runOnlyForDeploymentPostprocessing = 0;
		};
		6D17BA5C1D0FAF0F00996D0B /* Sources */ = {
			isa = PBXSourcesBuildPhase;
			buildActionMask = 2147483647;
			files = (
				6D17BA671D0FAF0F00996D0B /* NSLockDrawTestTests.m in Sources */,
			);
			runOnlyForDeploymentPostprocessing = 0;
		};
/* End PBXSourcesBuildPhase section */

/* Begin PBXTargetDependency section */
		6D17BA621D0FAF0F00996D0B /* PBXTargetDependency */ = {
			isa = PBXTargetDependency;
			target = 6D17BA461D0FAF0F00996D0B /* NSLockDrawTest */;
			targetProxy = 6D17BA611D0FAF0F00996D0B /* PBXContainerItemProxy */;
		};
/* End PBXTargetDependency section */

/* Begin PBXVariantGroup section */
		6D17BA541D0FAF0F00996D0B /* Main.storyboard */ = {
			isa = PBXVariantGroup;
			children = (
				6D17BA551D0FAF0F00996D0B /* Base */,
			);
			name = Main.storyboard;
			sourceTree = "<group>";
		};
		6D17BA591D0FAF0F00996D0B /* LaunchScreen.xib */ = {
			isa = PBXVariantGroup;
			children = (
				6D17BA5A1D0FAF0F00996D0B /* Base */,
			);
			name = LaunchScreen.xib;
			sourceTree = "<group>";
		};
/* End PBXVariantGroup section */

/* Begin XCBuildConfiguration section */
		6D17BA681D0FAF0F00996D0B /* Debug */ = {
			isa = XCBuildConfiguration;
			buildSettings = {
				ALWAYS_SEARCH_USER_PATHS = NO;
				CLANG_CXX_LANGUAGE_STANDARD = "gnu++0x";
				CLANG_CXX_LIBRARY = "libc++";
				CLANG_ENABLE_MODULES = YES;
				CLANG_ENABLE_OBJC_ARC = YES;
				CLANG_WARN_BOOL_CONVERSION = YES;
				CLANG_WARN_CONSTANT_CONVERSION = YES;
				CLANG_WARN_DIRECT_OBJC_ISA_USAGE = YES_ERROR;
				CLANG_WARN_EMPTY_BODY = YES;
				CLANG_WARN_ENUM_CONVERSION = YES;
				CLANG_WARN_INT_CONVERSION = YES;
				CLANG_WARN_OBJC_ROOT_CLASS = YES_ERROR;
				CLANG_WARN_UNREACHABLE_CODE = YES;
				CLANG_WARN__DUPLICATE_METHOD_MATCH = YES;
				"CODE_SIGN_IDENTITY[sdk=iphoneos*]" = "iPhone Developer";
				COPY_PHASE_STRIP = NO;
				DEBUG_INFORMATION_FORMAT = "dwarf-with-dsym";
				ENABLE_STRICT_OBJC_MSGSEND = YES;
				GCC_C_LANGUAGE_STANDARD = gnu99;
				GCC_DYNAMIC_NO_PIC = NO;
				GCC_NO_COMMON_BLOCKS = YES;
				GCC_OPTIMIZATION_LEVEL = 0;
				GCC_PREPROCESSOR_DEFINITIONS = (
					"DEBUG=1",
					"$(inherited)",
				);
				GCC_SYMBOLS_PRIVATE_EXTERN = NO;
				GCC_WARN_64_TO_32_BIT_CONVERSION = YES;
				GCC_WARN_ABOUT_RETURN_TYPE = YES_ERROR;
				GCC_WARN_UNDECLARED_SELECTOR = YES;
				GCC_WARN_UNINITIALIZED_AUTOS = YES_AGGRESSIVE;
				GCC_WARN_UNUSED_FUNCTION = YES;
				GCC_WARN_UNUSED_VARIABLE = YES;
				IPHONEOS_DEPLOYMENT_TARGET = 8.4;
				MTL_ENABLE_DEBUG_INFO = YES;
				ONLY_ACTIVE_ARCH = YES;
				SDKROOT = iphoneos;
			};
			name = Debug;
		};
		6D17BA691D0FAF0F00996D0B /* Release */ = {
			isa = XCBuildConfiguration;
			buildSettings = {
				ALWAYS_SEARCH_USER_PATHS = NO;
				CLANG_CXX_LANGUAGE_STANDARD = "gnu++0x";
				CLANG_CXX_LIBRARY = "libc++";
				CLANG_ENABLE_MODULES = YES;
				CLANG_ENABLE_OBJC_ARC = YES;
				CLANG_WARN_BOOL_CONVERSION = YES;
				CLANG_WARN_CONSTANT_CONVERSION = YES;
				CLANG_WARN_DIRECT_OBJC_ISA_USAGE = YES_ERROR;
				CLANG_WARN_EMPTY_BODY = YES;
				CLANG_WARN_ENUM_CONVERSION = YES;
				CLANG_WARN_INT_CONVERSION = YES;
				CLANG_WARN_OBJC_ROOT_CLASS = YES_ERROR;
				CLANG_WARN_UNREACHABLE_CODE = YES;
				CLANG_WARN__DUPLICATE_METHOD_MATCH = YES;
				"CODE_SIGN_IDENTITY[sdk=iphoneos*]" = "iPhone Developer";
				COPY_PHASE_STRIP = NO;
				DEBUG_INFORMATION_FORMAT = "dwarf-with-dsym";
				ENABLE_NS_ASSERTIONS = NO;
				ENABLE_STRICT_OBJC_MSGSEND = YES;
				GCC_C_LANGUAGE_STANDARD = gnu99;
				GCC_NO_COMMON_BLOCKS = YES;
				GCC_WARN_64_TO_32_BIT_CONVERSION = YES;
				GCC_WARN_ABOUT_RETURN_TYPE = YES_ERROR;
				GCC_WARN_UNDECLARED_SELECTOR = YES;
				GCC_WARN_UNINITIALIZED_AUTOS = YES_AGGRESSIVE;
				GCC_WARN_UNUSED_FUNCTION = YES;
				GCC_WARN_UNUSED_VARIABLE = YES;
				IPHONEOS_DEPLOYMENT_TARGET = 8.4;
				MTL_ENABLE_DEBUG_INFO = NO;
				SDKROOT = iphoneos;
				VALIDATE_PRODUCT = YES;
			};
			name = Release;
		};
		6D17BA6B1D0FAF0F00996D0B /* Debug */ = {
			isa = XCBuildConfiguration;
			buildSettings = {
				ASSETCATALOG_COMPILER_APPICON_NAME = AppIcon;
				INFOPLIST_FILE = NSLockDrawTest/Info.plist;
				LD_RUNPATH_SEARCH_PATHS = "$(inherited) @executable_path/Frameworks";
				PRODUCT_NAME = "$(TARGET_NAME)";
			};
			name = Debug;
		};
		6D17BA6C1D0FAF0F00996D0B /* Release */ = {
			isa = XCBuildConfiguration;
			buildSettings = {
				ASSETCATALOG_COMPILER_APPICON_NAME = AppIcon;
				INFOPLIST_FILE = NSLockDrawTest/Info.plist;
				LD_RUNPATH_SEARCH_PATHS = "$(inherited) @executable_path/Frameworks";
				PRODUCT_NAME = "$(TARGET_NAME)";
			};
			name = Release;
		};
		6D17BA6E1D0FAF0F00996D0B /* Debug */ = {
			isa = XCBuildConfiguration;
			buildSettings = {
				BUNDLE_LOADER = "$(TEST_HOST)";
				FRAMEWORK_SEARCH_PATHS = (
					"$(SDKROOT)/Developer/Library/Frameworks",
					"$(inherited)",
				);
				GCC_PREPROCESSOR_DEFINITIONS = (
					"DEBUG=1",
					"$(inherited)",
				);
				INFOPLIST_FILE = NSLockDrawTestTests/Info.plist;
				LD_RUNPATH_SEARCH_PATHS = "$(inherited) @executable_path/Frameworks @loader_path/Frameworks";
				PRODUCT_NAME = "$(TARGET_NAME)";
				TEST_HOST = "$(BUILT_PRODUCTS_DIR)/NSLockDrawTest.app/NSLockDrawTest";
			};
			name = Debug;
		};
		6D17BA6F1D0FAF0F00996D0B /* Release */ = {
			isa = XCBuildConfiguration;
			buildSettings = {
				BUNDLE_LOADER = "$(TEST_HOST)";
				FRAMEWORK_SEARCH_PATHS = (
					"$(SDKROOT)/Developer/Library/Frameworks",
					"$(inherited)",
				);
				INFOPLIST_FILE = NSLockDrawTestTests/Info.plist;
				LD_RUNPATH_SEARCH_PATHS = "$(inherited) @executable_path/Frameworks @loader_path/Frameworks";
				PRODUCT_NAME = "$(TARGET_NAME)";
				TEST_HOST = "$(BUILT_PRODUCTS_DIR)/NSLockDrawTest.app/NSLockDrawTest";
			};
			name = Release;
		};
/* End XCBuildConfiguration section */

/* Begin XCConfigurationList section */
		6D17BA421D0FAF0F00996D0B /* Build configuration list for PBXProject "NSLockDrawTest" */ = {
			isa = XCConfigurationList;
			buildConfigurations = (
				6D17BA681D0FAF0F00996D0B /* Debug */,
				6D17BA691D0FAF0F00996D0B /* Release */,
			);
			defaultConfigurationIsVisible = 0;
			defaultConfigurationName = Release;
		};
		6D17BA6A1D0FAF0F00996D0B /* Build configuration list for PBXNativeTarget "NSLockDrawTest" */ = {
			isa = XCConfigurationList;
			buildConfigurations = (
				6D17BA6B1D0FAF0F00996D0B /* Debug */,
				6D17BA6C1D0FAF0F00996D0B /* Release */,
			);
			defaultConfigurationIsVisible = 0;
		};
		6D17BA6D1D0FAF0F00996D0B /* Build configuration list for PBXNativeTarget "NSLockDrawTestTests" */ = {
			isa = XCConfigurationList;
			buildConfigurations = (
				6D17BA6E1D0FAF0F00996D0B /* Debug */,
				6D17BA6F1D0FAF0F00996D0B /* Release */,
			);
			defaultConfigurationIsVisible = 0;
		};
/* End XCConfigurationList section */
	};
	rootObject = 6D17BA3F1D0FAF0F00996D0B /* Project object */;
}
